Microsoft Visual Studio Solution File, Format Version 12.00
# Visual Studio 15
VisualStudioVersion = 15.0.27004.2002
MinimumVisualStudioVersion = 10.0.40219.1
Project("{2150E333-8FDC-42A3-9474-1A3956D46DE8}") = "Tools", "Tools", "{875EF569-4684-473D-A2D4-A35B20B4A07C}"
EndProject
Project("{2150E333-8FDC-42A3-9474-1A3956D46DE8}") = "Core", "Core", "{2997D17C-A736-43E5-B3DD-11D11AC7DF17}"
EndProject
Project("{FAE04EC0-301F-11D3-BF4B-00C04F79EFBC}") = "ContentRepository", "ContentRepository\ContentRepository.csproj", "{786E6165-CA02-45A9-BF58-207A45D7D6DF}"
EndProject
Project("{FAE04EC0-301F-11D3-BF4B-00C04F79EFBC}") = "Storage", "Storage\Storage.csproj", "{5DB4DDBA-81F6-4D81-943A-18F3178B3355}"
EndProject
Project("{FAE04EC0-301F-11D3-BF4B-00C04F79EFBC}") = "Services", "Services\Services.csproj", "{B72529C8-FEB1-49F5-B08B-56055B58F296}"
EndProject
Project("{FAE04EC0-301F-11D3-BF4B-00C04F79EFBC}") = "Configuration", "Configuration\Configuration.csproj", "{A19F707C-B1C3-45C7-AE38-E7B7F30C1161}"
EndProject
Project("{FAE04EC0-301F-11D3-BF4B-00C04F79EFBC}") = "SnAdminRuntime", "Tools\SnAdminRuntime\SnAdminRuntime.csproj", "{891B1FD9-CA73-4129-8D1D-D6663F01866C}"
EndProject
Project("{FAE04EC0-301F-11D3-BF4B-00C04F79EFBC}") = "BlobStorage", "BlobStorage\BlobStorage.csproj", "{4E6722B5-AC95-494C-80A5-A4D80CC502B5}"
EndProject
Project("{FAE04EC0-301F-11D3-BF4B-00C04F79EFBC}") = "Common", "Common\Common.csproj", "{A453E920-29C0-45CD-984C-0D8E3631B1E3}"
EndProject
Project("{2150E333-8FDC-42A3-9474-1A3956D46DE8}") = "Solution Items", "Solution Items", "{6D908666-E47F-47A7-A7E5-C696B9CD517A}"
	ProjectSection(SolutionItems) = preProject
		nuget\snadmin\install-services\manifest.xml = nuget\snadmin\install-services\manifest.xml
		nuget\readme.txt = nuget\readme.txt
		nuget\content\Web.config.transform = nuget\content\Web.config.transform
	EndProjectSection
EndProject
Project("{FAE04EC0-301F-11D3-BF4B-00C04F79EFBC}") = "SenseNet.TokenAuthentication", "TokenAuthentication\SenseNet.TokenAuthentication.csproj", "{78FEBD73-8BC4-45B9-9B31-D512E1AFAD60}"
EndProject
Project("{2150E333-8FDC-42A3-9474-1A3956D46DE8}") = "Tests", "Tests", "{C68D256D-7D40-4E33-8A2B-B1625538B138}"
EndProject
Project("{FAE04EC0-301F-11D3-BF4B-00C04F79EFBC}") = "SenseNet.Services.Tests", "Tests\SenseNet.Services.Tests\SenseNet.Services.Tests.csproj", "{CF157DCB-B973-42B4-948A-F6643EB6216D}"
EndProject
Project("{FAE04EC0-301F-11D3-BF4B-00C04F79EFBC}") = "SenseNet.TokenAuthentication.Tests", "Tests\SenseNet.TokenAuthentication.Tests\SenseNet.TokenAuthentication.Tests.csproj", "{AFCB7986-73C5-4DEA-897B-46EC1D124965}"
EndProject
Project("{FAE04EC0-301F-11D3-BF4B-00C04F79EFBC}") = "SenseNet.Packaging.Tests", "Tests\SenseNet.Packaging.Tests\SenseNet.Packaging.Tests.csproj", "{224FE019-A978-4390-9F77-EBEB7A384743}"
EndProject
Project("{FAE04EC0-301F-11D3-BF4B-00C04F79EFBC}") = "SenseNet.Packaging.IntegrationTests", "Tests\SenseNet.Packaging.IntegrationTests\SenseNet.Packaging.IntegrationTests.csproj", "{CF049086-0872-4F55-AF6D-6177245CC59E}"
EndProject
Project("{FAE04EC0-301F-11D3-BF4B-00C04F79EFBC}") = "SnAdminRuntime.Tests", "Tests\SnAdminRuntime.Tests\SnAdminRuntime.Tests.csproj", "{ECA9A043-5B86-445C-B70E-843573AAF72E}"
EndProject
Project("{FAE04EC0-301F-11D3-BF4B-00C04F79EFBC}") = "SenseNet.ContentRepository.Tests", "Tests\SenseNet.ContentRepository.Tests\SenseNet.ContentRepository.Tests.csproj", "{7DE6A7E8-5738-4436-9646-9C1179F752EA}"
EndProject
Project("{FAE04EC0-301F-11D3-BF4B-00C04F79EFBC}") = "Search", "Search\Search.csproj", "{0279705B-779D-485D-86B9-F7AB3DD1F2C3}"
EndProject
Project("{FAE04EC0-301F-11D3-BF4B-00C04F79EFBC}") = "SenseNet.Search.Tests", "Tests\SenseNet.Search.Tests\SenseNet.Search.Tests.csproj", "{0C78C008-DB1D-4CE6-B081-A04AFDAF5880}"
EndProject
Project("{FAE04EC0-301F-11D3-BF4B-00C04F79EFBC}") = "SenseNet.Search.IntegrationTests", "Tests\SenseNet.Search.IntegrationTests\SenseNet.Search.IntegrationTests.csproj", "{A29CB53A-DF6C-487C-9FDC-DC73A5CB2B13}"
EndProject
Project("{FAE04EC0-301F-11D3-BF4B-00C04F79EFBC}") = "SenseNet.RestTester", "Tests\SenseNet.RestTester\SenseNet.RestTester.csproj", "{87F754D3-F098-49A3-975E-82F02B575E7C}"
EndProject
Project("{FAE04EC0-301F-11D3-BF4B-00C04F79EFBC}") = "SenseNet.Tests", "Tests\SenseNet.Tests\SenseNet.Tests.csproj", "{4674B8B8-6567-4EB5-B5A8-C838FECCE302}"
EndProject
Global
	GlobalSection(SolutionConfigurationPlatforms) = preSolution
		Debug|Any CPU = Debug|Any CPU
		Debug|Mixed Platforms = Debug|Mixed Platforms
		Debug|x64 = Debug|x64
		Debug|x86 = Debug|x86
		Release|Any CPU = Release|Any CPU
		Release|Mixed Platforms = Release|Mixed Platforms
		Release|x64 = Release|x64
		Release|x86 = Release|x86
	EndGlobalSection
	GlobalSection(ProjectConfigurationPlatforms) = postSolution
		{786E6165-CA02-45A9-BF58-207A45D7D6DF}.Debug|Any CPU.ActiveCfg = Debug|Any CPU
		{786E6165-CA02-45A9-BF58-207A45D7D6DF}.Debug|Any CPU.Build.0 = Debug|Any CPU
		{786E6165-CA02-45A9-BF58-207A45D7D6DF}.Debug|Mixed Platforms.ActiveCfg = Debug|Any CPU
		{786E6165-CA02-45A9-BF58-207A45D7D6DF}.Debug|Mixed Platforms.Build.0 = Debug|Any CPU
		{786E6165-CA02-45A9-BF58-207A45D7D6DF}.Debug|x64.ActiveCfg = Debug|Any CPU
		{786E6165-CA02-45A9-BF58-207A45D7D6DF}.Debug|x86.ActiveCfg = Debug|Any CPU
		{786E6165-CA02-45A9-BF58-207A45D7D6DF}.Release|Any CPU.ActiveCfg = Release|Any CPU
		{786E6165-CA02-45A9-BF58-207A45D7D6DF}.Release|Any CPU.Build.0 = Release|Any CPU
		{786E6165-CA02-45A9-BF58-207A45D7D6DF}.Release|Mixed Platforms.ActiveCfg = Release|Any CPU
		{786E6165-CA02-45A9-BF58-207A45D7D6DF}.Release|Mixed Platforms.Build.0 = Release|Any CPU
		{786E6165-CA02-45A9-BF58-207A45D7D6DF}.Release|x64.ActiveCfg = Release|Any CPU
		{786E6165-CA02-45A9-BF58-207A45D7D6DF}.Release|x86.ActiveCfg = Release|Any CPU
		{5DB4DDBA-81F6-4D81-943A-18F3178B3355}.Debug|Any CPU.ActiveCfg = Debug|Any CPU
		{5DB4DDBA-81F6-4D81-943A-18F3178B3355}.Debug|Any CPU.Build.0 = Debug|Any CPU
		{5DB4DDBA-81F6-4D81-943A-18F3178B3355}.Debug|Mixed Platforms.ActiveCfg = Debug|Any CPU
		{5DB4DDBA-81F6-4D81-943A-18F3178B3355}.Debug|Mixed Platforms.Build.0 = Debug|Any CPU
		{5DB4DDBA-81F6-4D81-943A-18F3178B3355}.Debug|x64.ActiveCfg = Debug|Any CPU
		{5DB4DDBA-81F6-4D81-943A-18F3178B3355}.Debug|x86.ActiveCfg = Debug|Any CPU
		{5DB4DDBA-81F6-4D81-943A-18F3178B3355}.Release|Any CPU.ActiveCfg = Release|Any CPU
		{5DB4DDBA-81F6-4D81-943A-18F3178B3355}.Release|Any CPU.Build.0 = Release|Any CPU
		{5DB4DDBA-81F6-4D81-943A-18F3178B3355}.Release|Mixed Platforms.ActiveCfg = Release|Any CPU
		{5DB4DDBA-81F6-4D81-943A-18F3178B3355}.Release|Mixed Platforms.Build.0 = Release|Any CPU
		{5DB4DDBA-81F6-4D81-943A-18F3178B3355}.Release|x64.ActiveCfg = Release|Any CPU
		{5DB4DDBA-81F6-4D81-943A-18F3178B3355}.Release|x86.ActiveCfg = Release|Any CPU
		{B72529C8-FEB1-49F5-B08B-56055B58F296}.Debug|Any CPU.ActiveCfg = Debug|Any CPU
		{B72529C8-FEB1-49F5-B08B-56055B58F296}.Debug|Any CPU.Build.0 = Debug|Any CPU
		{B72529C8-FEB1-49F5-B08B-56055B58F296}.Debug|Mixed Platforms.ActiveCfg = Debug|Any CPU
		{B72529C8-FEB1-49F5-B08B-56055B58F296}.Debug|Mixed Platforms.Build.0 = Debug|Any CPU
		{B72529C8-FEB1-49F5-B08B-56055B58F296}.Debug|x64.ActiveCfg = Debug|Any CPU
		{B72529C8-FEB1-49F5-B08B-56055B58F296}.Debug|x86.ActiveCfg = Debug|Any CPU
		{B72529C8-FEB1-49F5-B08B-56055B58F296}.Release|Any CPU.ActiveCfg = Release|Any CPU
		{B72529C8-FEB1-49F5-B08B-56055B58F296}.Release|Any CPU.Build.0 = Release|Any CPU
		{B72529C8-FEB1-49F5-B08B-56055B58F296}.Release|Mixed Platforms.ActiveCfg = Release|Any CPU
		{B72529C8-FEB1-49F5-B08B-56055B58F296}.Release|Mixed Platforms.Build.0 = Release|Any CPU
		{B72529C8-FEB1-49F5-B08B-56055B58F296}.Release|x64.ActiveCfg = Release|Any CPU
		{B72529C8-FEB1-49F5-B08B-56055B58F296}.Release|x86.ActiveCfg = Release|Any CPU
		{A19F707C-B1C3-45C7-AE38-E7B7F30C1161}.Debug|Any CPU.ActiveCfg = Debug|Any CPU
		{A19F707C-B1C3-45C7-AE38-E7B7F30C1161}.Debug|Any CPU.Build.0 = Debug|Any CPU
		{A19F707C-B1C3-45C7-AE38-E7B7F30C1161}.Debug|Mixed Platforms.ActiveCfg = Debug|Any CPU
		{A19F707C-B1C3-45C7-AE38-E7B7F30C1161}.Debug|Mixed Platforms.Build.0 = Debug|Any CPU
		{A19F707C-B1C3-45C7-AE38-E7B7F30C1161}.Debug|x64.ActiveCfg = Debug|Any CPU
		{A19F707C-B1C3-45C7-AE38-E7B7F30C1161}.Debug|x86.ActiveCfg = Debug|Any CPU
		{A19F707C-B1C3-45C7-AE38-E7B7F30C1161}.Release|Any CPU.ActiveCfg = Release|Any CPU
		{A19F707C-B1C3-45C7-AE38-E7B7F30C1161}.Release|Any CPU.Build.0 = Release|Any CPU
		{A19F707C-B1C3-45C7-AE38-E7B7F30C1161}.Release|Mixed Platforms.ActiveCfg = Release|Any CPU
		{A19F707C-B1C3-45C7-AE38-E7B7F30C1161}.Release|Mixed Platforms.Build.0 = Release|Any CPU
		{A19F707C-B1C3-45C7-AE38-E7B7F30C1161}.Release|x64.ActiveCfg = Release|Any CPU
		{A19F707C-B1C3-45C7-AE38-E7B7F30C1161}.Release|x86.ActiveCfg = Release|Any CPU
		{891B1FD9-CA73-4129-8D1D-D6663F01866C}.Debug|Any CPU.ActiveCfg = Debug|Any CPU
		{891B1FD9-CA73-4129-8D1D-D6663F01866C}.Debug|Any CPU.Build.0 = Debug|Any CPU
		{891B1FD9-CA73-4129-8D1D-D6663F01866C}.Debug|Mixed Platforms.ActiveCfg = Debug|Any CPU
		{891B1FD9-CA73-4129-8D1D-D6663F01866C}.Debug|Mixed Platforms.Build.0 = Debug|Any CPU
		{891B1FD9-CA73-4129-8D1D-D6663F01866C}.Debug|x64.ActiveCfg = Debug|Any CPU
		{891B1FD9-CA73-4129-8D1D-D6663F01866C}.Debug|x86.ActiveCfg = Debug|Any CPU
		{891B1FD9-CA73-4129-8D1D-D6663F01866C}.Release|Any CPU.ActiveCfg = Release|Any CPU
		{891B1FD9-CA73-4129-8D1D-D6663F01866C}.Release|Any CPU.Build.0 = Release|Any CPU
		{891B1FD9-CA73-4129-8D1D-D6663F01866C}.Release|Mixed Platforms.ActiveCfg = Release|Any CPU
		{891B1FD9-CA73-4129-8D1D-D6663F01866C}.Release|Mixed Platforms.Build.0 = Release|Any CPU
		{891B1FD9-CA73-4129-8D1D-D6663F01866C}.Release|x64.ActiveCfg = Release|Any CPU
		{891B1FD9-CA73-4129-8D1D-D6663F01866C}.Release|x86.ActiveCfg = Release|Any CPU
		{4E6722B5-AC95-494C-80A5-A4D80CC502B5}.Debug|Any CPU.ActiveCfg = Debug|Any CPU
		{4E6722B5-AC95-494C-80A5-A4D80CC502B5}.Debug|Any CPU.Build.0 = Debug|Any CPU
		{4E6722B5-AC95-494C-80A5-A4D80CC502B5}.Debug|Mixed Platforms.ActiveCfg = Debug|Any CPU
		{4E6722B5-AC95-494C-80A5-A4D80CC502B5}.Debug|Mixed Platforms.Build.0 = Debug|Any CPU
		{4E6722B5-AC95-494C-80A5-A4D80CC502B5}.Debug|x64.ActiveCfg = Debug|Any CPU
		{4E6722B5-AC95-494C-80A5-A4D80CC502B5}.Debug|x64.Build.0 = Debug|Any CPU
		{4E6722B5-AC95-494C-80A5-A4D80CC502B5}.Debug|x86.ActiveCfg = Debug|Any CPU
		{4E6722B5-AC95-494C-80A5-A4D80CC502B5}.Debug|x86.Build.0 = Debug|Any CPU
		{4E6722B5-AC95-494C-80A5-A4D80CC502B5}.Release|Any CPU.ActiveCfg = Release|Any CPU
		{4E6722B5-AC95-494C-80A5-A4D80CC502B5}.Release|Any CPU.Build.0 = Release|Any CPU
		{4E6722B5-AC95-494C-80A5-A4D80CC502B5}.Release|Mixed Platforms.ActiveCfg = Release|Any CPU
		{4E6722B5-AC95-494C-80A5-A4D80CC502B5}.Release|Mixed Platforms.Build.0 = Release|Any CPU
		{4E6722B5-AC95-494C-80A5-A4D80CC502B5}.Release|x64.ActiveCfg = Release|Any CPU
		{4E6722B5-AC95-494C-80A5-A4D80CC502B5}.Release|x64.Build.0 = Release|Any CPU
		{4E6722B5-AC95-494C-80A5-A4D80CC502B5}.Release|x86.ActiveCfg = Release|Any CPU
		{4E6722B5-AC95-494C-80A5-A4D80CC502B5}.Release|x86.Build.0 = Release|Any CPU
		{A453E920-29C0-45CD-984C-0D8E3631B1E3}.Debug|Any CPU.ActiveCfg = Debug|Any CPU
		{A453E920-29C0-45CD-984C-0D8E3631B1E3}.Debug|Any CPU.Build.0 = Debug|Any CPU
		{A453E920-29C0-45CD-984C-0D8E3631B1E3}.Debug|Mixed Platforms.ActiveCfg = Debug|Any CPU
		{A453E920-29C0-45CD-984C-0D8E3631B1E3}.Debug|Mixed Platforms.Build.0 = Debug|Any CPU
		{A453E920-29C0-45CD-984C-0D8E3631B1E3}.Debug|x64.ActiveCfg = Debug|Any CPU
		{A453E920-29C0-45CD-984C-0D8E3631B1E3}.Debug|x64.Build.0 = Debug|Any CPU
		{A453E920-29C0-45CD-984C-0D8E3631B1E3}.Debug|x86.ActiveCfg = Debug|Any CPU
		{A453E920-29C0-45CD-984C-0D8E3631B1E3}.Debug|x86.Build.0 = Debug|Any CPU
		{A453E920-29C0-45CD-984C-0D8E3631B1E3}.Release|Any CPU.ActiveCfg = Release|Any CPU
		{A453E920-29C0-45CD-984C-0D8E3631B1E3}.Release|Any CPU.Build.0 = Release|Any CPU
		{A453E920-29C0-45CD-984C-0D8E3631B1E3}.Release|Mixed Platforms.ActiveCfg = Release|Any CPU
		{A453E920-29C0-45CD-984C-0D8E3631B1E3}.Release|Mixed Platforms.Build.0 = Release|Any CPU
		{A453E920-29C0-45CD-984C-0D8E3631B1E3}.Release|x64.ActiveCfg = Release|Any CPU
		{A453E920-29C0-45CD-984C-0D8E3631B1E3}.Release|x64.Build.0 = Release|Any CPU
		{A453E920-29C0-45CD-984C-0D8E3631B1E3}.Release|x86.ActiveCfg = Release|Any CPU
		{A453E920-29C0-45CD-984C-0D8E3631B1E3}.Release|x86.Build.0 = Release|Any CPU
		{78FEBD73-8BC4-45B9-9B31-D512E1AFAD60}.Debug|Any CPU.ActiveCfg = Debug|Any CPU
		{78FEBD73-8BC4-45B9-9B31-D512E1AFAD60}.Debug|Any CPU.Build.0 = Debug|Any CPU
		{78FEBD73-8BC4-45B9-9B31-D512E1AFAD60}.Debug|Mixed Platforms.ActiveCfg = Debug|Any CPU
		{78FEBD73-8BC4-45B9-9B31-D512E1AFAD60}.Debug|Mixed Platforms.Build.0 = Debug|Any CPU
		{78FEBD73-8BC4-45B9-9B31-D512E1AFAD60}.Debug|x64.ActiveCfg = Debug|Any CPU
		{78FEBD73-8BC4-45B9-9B31-D512E1AFAD60}.Debug|x64.Build.0 = Debug|Any CPU
		{78FEBD73-8BC4-45B9-9B31-D512E1AFAD60}.Debug|x86.ActiveCfg = Debug|Any CPU
		{78FEBD73-8BC4-45B9-9B31-D512E1AFAD60}.Debug|x86.Build.0 = Debug|Any CPU
		{78FEBD73-8BC4-45B9-9B31-D512E1AFAD60}.Release|Any CPU.ActiveCfg = Release|Any CPU
		{78FEBD73-8BC4-45B9-9B31-D512E1AFAD60}.Release|Any CPU.Build.0 = Release|Any CPU
		{78FEBD73-8BC4-45B9-9B31-D512E1AFAD60}.Release|Mixed Platforms.ActiveCfg = Release|Any CPU
		{78FEBD73-8BC4-45B9-9B31-D512E1AFAD60}.Release|Mixed Platforms.Build.0 = Release|Any CPU
		{78FEBD73-8BC4-45B9-9B31-D512E1AFAD60}.Release|x64.ActiveCfg = Release|Any CPU
		{78FEBD73-8BC4-45B9-9B31-D512E1AFAD60}.Release|x64.Build.0 = Release|Any CPU
		{78FEBD73-8BC4-45B9-9B31-D512E1AFAD60}.Release|x86.ActiveCfg = Release|Any CPU
		{78FEBD73-8BC4-45B9-9B31-D512E1AFAD60}.Release|x86.Build.0 = Release|Any CPU
		{CF157DCB-B973-42B4-948A-F6643EB6216D}.Debug|Any CPU.ActiveCfg = Debug|Any CPU
		{CF157DCB-B973-42B4-948A-F6643EB6216D}.Debug|Any CPU.Build.0 = Debug|Any CPU
		{CF157DCB-B973-42B4-948A-F6643EB6216D}.Debug|Mixed Platforms.ActiveCfg = Debug|Any CPU
		{CF157DCB-B973-42B4-948A-F6643EB6216D}.Debug|Mixed Platforms.Build.0 = Debug|Any CPU
		{CF157DCB-B973-42B4-948A-F6643EB6216D}.Debug|x64.ActiveCfg = Debug|Any CPU
		{CF157DCB-B973-42B4-948A-F6643EB6216D}.Debug|x64.Build.0 = Debug|Any CPU
		{CF157DCB-B973-42B4-948A-F6643EB6216D}.Debug|x86.ActiveCfg = Debug|Any CPU
		{CF157DCB-B973-42B4-948A-F6643EB6216D}.Debug|x86.Build.0 = Debug|Any CPU
		{CF157DCB-B973-42B4-948A-F6643EB6216D}.Release|Any CPU.ActiveCfg = Release|Any CPU
		{CF157DCB-B973-42B4-948A-F6643EB6216D}.Release|Any CPU.Build.0 = Release|Any CPU
		{CF157DCB-B973-42B4-948A-F6643EB6216D}.Release|Mixed Platforms.ActiveCfg = Release|Any CPU
		{CF157DCB-B973-42B4-948A-F6643EB6216D}.Release|Mixed Platforms.Build.0 = Release|Any CPU
		{CF157DCB-B973-42B4-948A-F6643EB6216D}.Release|x64.ActiveCfg = Release|Any CPU
		{CF157DCB-B973-42B4-948A-F6643EB6216D}.Release|x64.Build.0 = Release|Any CPU
		{CF157DCB-B973-42B4-948A-F6643EB6216D}.Release|x86.ActiveCfg = Release|Any CPU
		{CF157DCB-B973-42B4-948A-F6643EB6216D}.Release|x86.Build.0 = Release|Any CPU
		{AFCB7986-73C5-4DEA-897B-46EC1D124965}.Debug|Any CPU.ActiveCfg = Debug|Any CPU
		{AFCB7986-73C5-4DEA-897B-46EC1D124965}.Debug|Any CPU.Build.0 = Debug|Any CPU
		{AFCB7986-73C5-4DEA-897B-46EC1D124965}.Debug|Mixed Platforms.ActiveCfg = Debug|Any CPU
		{AFCB7986-73C5-4DEA-897B-46EC1D124965}.Debug|Mixed Platforms.Build.0 = Debug|Any CPU
		{AFCB7986-73C5-4DEA-897B-46EC1D124965}.Debug|x64.ActiveCfg = Debug|Any CPU
		{AFCB7986-73C5-4DEA-897B-46EC1D124965}.Debug|x64.Build.0 = Debug|Any CPU
		{AFCB7986-73C5-4DEA-897B-46EC1D124965}.Debug|x86.ActiveCfg = Debug|Any CPU
		{AFCB7986-73C5-4DEA-897B-46EC1D124965}.Debug|x86.Build.0 = Debug|Any CPU
		{AFCB7986-73C5-4DEA-897B-46EC1D124965}.Release|Any CPU.ActiveCfg = Release|Any CPU
		{AFCB7986-73C5-4DEA-897B-46EC1D124965}.Release|Any CPU.Build.0 = Release|Any CPU
		{AFCB7986-73C5-4DEA-897B-46EC1D124965}.Release|Mixed Platforms.ActiveCfg = Release|Any CPU
		{AFCB7986-73C5-4DEA-897B-46EC1D124965}.Release|Mixed Platforms.Build.0 = Release|Any CPU
		{AFCB7986-73C5-4DEA-897B-46EC1D124965}.Release|x64.ActiveCfg = Release|Any CPU
		{AFCB7986-73C5-4DEA-897B-46EC1D124965}.Release|x64.Build.0 = Release|Any CPU
		{AFCB7986-73C5-4DEA-897B-46EC1D124965}.Release|x86.ActiveCfg = Release|Any CPU
		{AFCB7986-73C5-4DEA-897B-46EC1D124965}.Release|x86.Build.0 = Release|Any CPU
		{224FE019-A978-4390-9F77-EBEB7A384743}.Debug|Any CPU.ActiveCfg = Debug|Any CPU
		{224FE019-A978-4390-9F77-EBEB7A384743}.Debug|Any CPU.Build.0 = Debug|Any CPU
		{224FE019-A978-4390-9F77-EBEB7A384743}.Debug|Mixed Platforms.ActiveCfg = Debug|Any CPU
		{224FE019-A978-4390-9F77-EBEB7A384743}.Debug|Mixed Platforms.Build.0 = Debug|Any CPU
		{224FE019-A978-4390-9F77-EBEB7A384743}.Debug|x64.ActiveCfg = Debug|Any CPU
		{224FE019-A978-4390-9F77-EBEB7A384743}.Debug|x64.Build.0 = Debug|Any CPU
		{224FE019-A978-4390-9F77-EBEB7A384743}.Debug|x86.ActiveCfg = Debug|Any CPU
		{224FE019-A978-4390-9F77-EBEB7A384743}.Debug|x86.Build.0 = Debug|Any CPU
		{224FE019-A978-4390-9F77-EBEB7A384743}.Release|Any CPU.ActiveCfg = Release|Any CPU
		{224FE019-A978-4390-9F77-EBEB7A384743}.Release|Any CPU.Build.0 = Release|Any CPU
		{224FE019-A978-4390-9F77-EBEB7A384743}.Release|Mixed Platforms.ActiveCfg = Release|Any CPU
		{224FE019-A978-4390-9F77-EBEB7A384743}.Release|Mixed Platforms.Build.0 = Release|Any CPU
		{224FE019-A978-4390-9F77-EBEB7A384743}.Release|x64.ActiveCfg = Release|Any CPU
		{224FE019-A978-4390-9F77-EBEB7A384743}.Release|x64.Build.0 = Release|Any CPU
		{224FE019-A978-4390-9F77-EBEB7A384743}.Release|x86.ActiveCfg = Release|Any CPU
		{224FE019-A978-4390-9F77-EBEB7A384743}.Release|x86.Build.0 = Release|Any CPU
		{CF049086-0872-4F55-AF6D-6177245CC59E}.Debug|Any CPU.ActiveCfg = Debug|Any CPU
		{CF049086-0872-4F55-AF6D-6177245CC59E}.Debug|Any CPU.Build.0 = Debug|Any CPU
		{CF049086-0872-4F55-AF6D-6177245CC59E}.Debug|Mixed Platforms.ActiveCfg = Debug|Any CPU
		{CF049086-0872-4F55-AF6D-6177245CC59E}.Debug|Mixed Platforms.Build.0 = Debug|Any CPU
		{CF049086-0872-4F55-AF6D-6177245CC59E}.Debug|x64.ActiveCfg = Debug|Any CPU
		{CF049086-0872-4F55-AF6D-6177245CC59E}.Debug|x64.Build.0 = Debug|Any CPU
		{CF049086-0872-4F55-AF6D-6177245CC59E}.Debug|x86.ActiveCfg = Debug|Any CPU
		{CF049086-0872-4F55-AF6D-6177245CC59E}.Debug|x86.Build.0 = Debug|Any CPU
		{CF049086-0872-4F55-AF6D-6177245CC59E}.Release|Any CPU.ActiveCfg = Release|Any CPU
		{CF049086-0872-4F55-AF6D-6177245CC59E}.Release|Any CPU.Build.0 = Release|Any CPU
		{CF049086-0872-4F55-AF6D-6177245CC59E}.Release|Mixed Platforms.ActiveCfg = Release|Any CPU
		{CF049086-0872-4F55-AF6D-6177245CC59E}.Release|Mixed Platforms.Build.0 = Release|Any CPU
		{CF049086-0872-4F55-AF6D-6177245CC59E}.Release|x64.ActiveCfg = Release|Any CPU
		{CF049086-0872-4F55-AF6D-6177245CC59E}.Release|x64.Build.0 = Release|Any CPU
		{CF049086-0872-4F55-AF6D-6177245CC59E}.Release|x86.ActiveCfg = Release|Any CPU
		{CF049086-0872-4F55-AF6D-6177245CC59E}.Release|x86.Build.0 = Release|Any CPU
		{ECA9A043-5B86-445C-B70E-843573AAF72E}.Debug|Any CPU.ActiveCfg = Debug|Any CPU
		{ECA9A043-5B86-445C-B70E-843573AAF72E}.Debug|Any CPU.Build.0 = Debug|Any CPU
		{ECA9A043-5B86-445C-B70E-843573AAF72E}.Debug|Mixed Platforms.ActiveCfg = Debug|Any CPU
		{ECA9A043-5B86-445C-B70E-843573AAF72E}.Debug|Mixed Platforms.Build.0 = Debug|Any CPU
		{ECA9A043-5B86-445C-B70E-843573AAF72E}.Debug|x64.ActiveCfg = Debug|Any CPU
		{ECA9A043-5B86-445C-B70E-843573AAF72E}.Debug|x64.Build.0 = Debug|Any CPU
		{ECA9A043-5B86-445C-B70E-843573AAF72E}.Debug|x86.ActiveCfg = Debug|Any CPU
		{ECA9A043-5B86-445C-B70E-843573AAF72E}.Debug|x86.Build.0 = Debug|Any CPU
		{ECA9A043-5B86-445C-B70E-843573AAF72E}.Release|Any CPU.ActiveCfg = Release|Any CPU
		{ECA9A043-5B86-445C-B70E-843573AAF72E}.Release|Any CPU.Build.0 = Release|Any CPU
		{ECA9A043-5B86-445C-B70E-843573AAF72E}.Release|Mixed Platforms.ActiveCfg = Release|Any CPU
		{ECA9A043-5B86-445C-B70E-843573AAF72E}.Release|Mixed Platforms.Build.0 = Release|Any CPU
		{ECA9A043-5B86-445C-B70E-843573AAF72E}.Release|x64.ActiveCfg = Release|Any CPU
		{ECA9A043-5B86-445C-B70E-843573AAF72E}.Release|x64.Build.0 = Release|Any CPU
		{ECA9A043-5B86-445C-B70E-843573AAF72E}.Release|x86.ActiveCfg = Release|Any CPU
		{ECA9A043-5B86-445C-B70E-843573AAF72E}.Release|x86.Build.0 = Release|Any CPU
		{7DE6A7E8-5738-4436-9646-9C1179F752EA}.Debug|Any CPU.ActiveCfg = Debug|Any CPU
		{7DE6A7E8-5738-4436-9646-9C1179F752EA}.Debug|Any CPU.Build.0 = Debug|Any CPU
		{7DE6A7E8-5738-4436-9646-9C1179F752EA}.Debug|Mixed Platforms.ActiveCfg = Debug|Any CPU
		{7DE6A7E8-5738-4436-9646-9C1179F752EA}.Debug|Mixed Platforms.Build.0 = Debug|Any CPU
		{7DE6A7E8-5738-4436-9646-9C1179F752EA}.Debug|x64.ActiveCfg = Debug|Any CPU
		{7DE6A7E8-5738-4436-9646-9C1179F752EA}.Debug|x64.Build.0 = Debug|Any CPU
		{7DE6A7E8-5738-4436-9646-9C1179F752EA}.Debug|x86.ActiveCfg = Debug|Any CPU
		{7DE6A7E8-5738-4436-9646-9C1179F752EA}.Debug|x86.Build.0 = Debug|Any CPU
		{7DE6A7E8-5738-4436-9646-9C1179F752EA}.Release|Any CPU.ActiveCfg = Release|Any CPU
		{7DE6A7E8-5738-4436-9646-9C1179F752EA}.Release|Any CPU.Build.0 = Release|Any CPU
		{7DE6A7E8-5738-4436-9646-9C1179F752EA}.Release|Mixed Platforms.ActiveCfg = Release|Any CPU
		{7DE6A7E8-5738-4436-9646-9C1179F752EA}.Release|Mixed Platforms.Build.0 = Release|Any CPU
		{7DE6A7E8-5738-4436-9646-9C1179F752EA}.Release|x64.ActiveCfg = Release|Any CPU
		{7DE6A7E8-5738-4436-9646-9C1179F752EA}.Release|x64.Build.0 = Release|Any CPU
		{7DE6A7E8-5738-4436-9646-9C1179F752EA}.Release|x86.ActiveCfg = Release|Any CPU
		{7DE6A7E8-5738-4436-9646-9C1179F752EA}.Release|x86.Build.0 = Release|Any CPU
		{0279705B-779D-485D-86B9-F7AB3DD1F2C3}.Debug|Any CPU.ActiveCfg = Debug|Any CPU
		{0279705B-779D-485D-86B9-F7AB3DD1F2C3}.Debug|Any CPU.Build.0 = Debug|Any CPU
		{0279705B-779D-485D-86B9-F7AB3DD1F2C3}.Debug|Mixed Platforms.ActiveCfg = Debug|Any CPU
		{0279705B-779D-485D-86B9-F7AB3DD1F2C3}.Debug|Mixed Platforms.Build.0 = Debug|Any CPU
		{0279705B-779D-485D-86B9-F7AB3DD1F2C3}.Debug|x64.ActiveCfg = Debug|Any CPU
		{0279705B-779D-485D-86B9-F7AB3DD1F2C3}.Debug|x64.Build.0 = Debug|Any CPU
		{0279705B-779D-485D-86B9-F7AB3DD1F2C3}.Debug|x86.ActiveCfg = Debug|Any CPU
		{0279705B-779D-485D-86B9-F7AB3DD1F2C3}.Debug|x86.Build.0 = Debug|Any CPU
		{0279705B-779D-485D-86B9-F7AB3DD1F2C3}.Release|Any CPU.ActiveCfg = Release|Any CPU
		{0279705B-779D-485D-86B9-F7AB3DD1F2C3}.Release|Any CPU.Build.0 = Release|Any CPU
		{0279705B-779D-485D-86B9-F7AB3DD1F2C3}.Release|Mixed Platforms.ActiveCfg = Release|Any CPU
		{0279705B-779D-485D-86B9-F7AB3DD1F2C3}.Release|Mixed Platforms.Build.0 = Release|Any CPU
		{0279705B-779D-485D-86B9-F7AB3DD1F2C3}.Release|x64.ActiveCfg = Release|Any CPU
		{0279705B-779D-485D-86B9-F7AB3DD1F2C3}.Release|x64.Build.0 = Release|Any CPU
		{0279705B-779D-485D-86B9-F7AB3DD1F2C3}.Release|x86.ActiveCfg = Release|Any CPU
		{0279705B-779D-485D-86B9-F7AB3DD1F2C3}.Release|x86.Build.0 = Release|Any CPU
		{0C78C008-DB1D-4CE6-B081-A04AFDAF5880}.Debug|Any CPU.ActiveCfg = Debug|Any CPU
		{0C78C008-DB1D-4CE6-B081-A04AFDAF5880}.Debug|Any CPU.Build.0 = Debug|Any CPU
		{0C78C008-DB1D-4CE6-B081-A04AFDAF5880}.Debug|Mixed Platforms.ActiveCfg = Debug|Any CPU
		{0C78C008-DB1D-4CE6-B081-A04AFDAF5880}.Debug|Mixed Platforms.Build.0 = Debug|Any CPU
		{0C78C008-DB1D-4CE6-B081-A04AFDAF5880}.Debug|x64.ActiveCfg = Debug|Any CPU
		{0C78C008-DB1D-4CE6-B081-A04AFDAF5880}.Debug|x64.Build.0 = Debug|Any CPU
		{0C78C008-DB1D-4CE6-B081-A04AFDAF5880}.Debug|x86.ActiveCfg = Debug|Any CPU
		{0C78C008-DB1D-4CE6-B081-A04AFDAF5880}.Debug|x86.Build.0 = Debug|Any CPU
		{0C78C008-DB1D-4CE6-B081-A04AFDAF5880}.Release|Any CPU.ActiveCfg = Release|Any CPU
		{0C78C008-DB1D-4CE6-B081-A04AFDAF5880}.Release|Any CPU.Build.0 = Release|Any CPU
		{0C78C008-DB1D-4CE6-B081-A04AFDAF5880}.Release|Mixed Platforms.ActiveCfg = Release|Any CPU
		{0C78C008-DB1D-4CE6-B081-A04AFDAF5880}.Release|Mixed Platforms.Build.0 = Release|Any CPU
		{0C78C008-DB1D-4CE6-B081-A04AFDAF5880}.Release|x64.ActiveCfg = Release|Any CPU
		{0C78C008-DB1D-4CE6-B081-A04AFDAF5880}.Release|x64.Build.0 = Release|Any CPU
		{0C78C008-DB1D-4CE6-B081-A04AFDAF5880}.Release|x86.ActiveCfg = Release|Any CPU
		{0C78C008-DB1D-4CE6-B081-A04AFDAF5880}.Release|x86.Build.0 = Release|Any CPU
		{A29CB53A-DF6C-487C-9FDC-DC73A5CB2B13}.Debug|Any CPU.ActiveCfg = Debug|Any CPU
		{A29CB53A-DF6C-487C-9FDC-DC73A5CB2B13}.Debug|Any CPU.Build.0 = Debug|Any CPU
		{A29CB53A-DF6C-487C-9FDC-DC73A5CB2B13}.Debug|Mixed Platforms.ActiveCfg = Debug|Any CPU
		{A29CB53A-DF6C-487C-9FDC-DC73A5CB2B13}.Debug|Mixed Platforms.Build.0 = Debug|Any CPU
		{A29CB53A-DF6C-487C-9FDC-DC73A5CB2B13}.Debug|x64.ActiveCfg = Debug|Any CPU
		{A29CB53A-DF6C-487C-9FDC-DC73A5CB2B13}.Debug|x64.Build.0 = Debug|Any CPU
		{A29CB53A-DF6C-487C-9FDC-DC73A5CB2B13}.Debug|x86.ActiveCfg = Debug|Any CPU
		{A29CB53A-DF6C-487C-9FDC-DC73A5CB2B13}.Debug|x86.Build.0 = Debug|Any CPU
		{A29CB53A-DF6C-487C-9FDC-DC73A5CB2B13}.Release|Any CPU.ActiveCfg = Release|Any CPU
		{A29CB53A-DF6C-487C-9FDC-DC73A5CB2B13}.Release|Any CPU.Build.0 = Release|Any CPU
		{A29CB53A-DF6C-487C-9FDC-DC73A5CB2B13}.Release|Mixed Platforms.ActiveCfg = Release|Any CPU
		{A29CB53A-DF6C-487C-9FDC-DC73A5CB2B13}.Release|Mixed Platforms.Build.0 = Release|Any CPU
		{A29CB53A-DF6C-487C-9FDC-DC73A5CB2B13}.Release|x64.ActiveCfg = Release|Any CPU
		{A29CB53A-DF6C-487C-9FDC-DC73A5CB2B13}.Release|x64.Build.0 = Release|Any CPU
		{A29CB53A-DF6C-487C-9FDC-DC73A5CB2B13}.Release|x86.ActiveCfg = Release|Any CPU
		{A29CB53A-DF6C-487C-9FDC-DC73A5CB2B13}.Release|x86.Build.0 = Release|Any CPU
		{87F754D3-F098-49A3-975E-82F02B575E7C}.Debug|Any CPU.ActiveCfg = Debug|Any CPU
		{87F754D3-F098-49A3-975E-82F02B575E7C}.Debug|Any CPU.Build.0 = Debug|Any CPU
		{87F754D3-F098-49A3-975E-82F02B575E7C}.Debug|Mixed Platforms.ActiveCfg = Debug|Any CPU
		{87F754D3-F098-49A3-975E-82F02B575E7C}.Debug|Mixed Platforms.Build.0 = Debug|Any CPU
		{87F754D3-F098-49A3-975E-82F02B575E7C}.Debug|x64.ActiveCfg = Debug|Any CPU
		{87F754D3-F098-49A3-975E-82F02B575E7C}.Debug|x64.Build.0 = Debug|Any CPU
		{87F754D3-F098-49A3-975E-82F02B575E7C}.Debug|x86.ActiveCfg = Debug|Any CPU
		{87F754D3-F098-49A3-975E-82F02B575E7C}.Debug|x86.Build.0 = Debug|Any CPU
		{87F754D3-F098-49A3-975E-82F02B575E7C}.Release|Any CPU.ActiveCfg = Release|Any CPU
		{87F754D3-F098-49A3-975E-82F02B575E7C}.Release|Any CPU.Build.0 = Release|Any CPU
		{87F754D3-F098-49A3-975E-82F02B575E7C}.Release|Mixed Platforms.ActiveCfg = Release|Any CPU
		{87F754D3-F098-49A3-975E-82F02B575E7C}.Release|Mixed Platforms.Build.0 = Release|Any CPU
		{87F754D3-F098-49A3-975E-82F02B575E7C}.Release|x64.ActiveCfg = Release|Any CPU
		{87F754D3-F098-49A3-975E-82F02B575E7C}.Release|x64.Build.0 = Release|Any CPU
		{87F754D3-F098-49A3-975E-82F02B575E7C}.Release|x86.ActiveCfg = Release|Any CPU
		{87F754D3-F098-49A3-975E-82F02B575E7C}.Release|x86.Build.0 = Release|Any CPU
		{4674B8B8-6567-4EB5-B5A8-C838FECCE302}.Debug|Any CPU.ActiveCfg = Debug|Any CPU
		{4674B8B8-6567-4EB5-B5A8-C838FECCE302}.Debug|Any CPU.Build.0 = Debug|Any CPU
		{4674B8B8-6567-4EB5-B5A8-C838FECCE302}.Debug|Mixed Platforms.ActiveCfg = Debug|Any CPU
		{4674B8B8-6567-4EB5-B5A8-C838FECCE302}.Debug|Mixed Platforms.Build.0 = Debug|Any CPU
		{4674B8B8-6567-4EB5-B5A8-C838FECCE302}.Debug|x64.ActiveCfg = Debug|Any CPU
		{4674B8B8-6567-4EB5-B5A8-C838FECCE302}.Debug|x64.Build.0 = Debug|Any CPU
		{4674B8B8-6567-4EB5-B5A8-C838FECCE302}.Debug|x86.ActiveCfg = Debug|Any CPU
		{4674B8B8-6567-4EB5-B5A8-C838FECCE302}.Debug|x86.Build.0 = Debug|Any CPU
		{4674B8B8-6567-4EB5-B5A8-C838FECCE302}.Release|Any CPU.ActiveCfg = Release|Any CPU
		{4674B8B8-6567-4EB5-B5A8-C838FECCE302}.Release|Any CPU.Build.0 = Release|Any CPU
		{4674B8B8-6567-4EB5-B5A8-C838FECCE302}.Release|Mixed Platforms.ActiveCfg = Release|Any CPU
		{4674B8B8-6567-4EB5-B5A8-C838FECCE302}.Release|Mixed Platforms.Build.0 = Release|Any CPU
		{4674B8B8-6567-4EB5-B5A8-C838FECCE302}.Release|x64.ActiveCfg = Release|Any CPU
		{4674B8B8-6567-4EB5-B5A8-C838FECCE302}.Release|x64.Build.0 = Release|Any CPU
		{4674B8B8-6567-4EB5-B5A8-C838FECCE302}.Release|x86.ActiveCfg = Release|Any CPU
		{4674B8B8-6567-4EB5-B5A8-C838FECCE302}.Release|x86.Build.0 = Release|Any CPU
	EndGlobalSection
	GlobalSection(SolutionProperties) = preSolution
		HideSolutionNode = FALSE
	EndGlobalSection
	GlobalSection(NestedProjects) = preSolution
		{786E6165-CA02-45A9-BF58-207A45D7D6DF} = {2997D17C-A736-43E5-B3DD-11D11AC7DF17}
		{5DB4DDBA-81F6-4D81-943A-18F3178B3355} = {2997D17C-A736-43E5-B3DD-11D11AC7DF17}
		{B72529C8-FEB1-49F5-B08B-56055B58F296} = {2997D17C-A736-43E5-B3DD-11D11AC7DF17}
		{A19F707C-B1C3-45C7-AE38-E7B7F30C1161} = {2997D17C-A736-43E5-B3DD-11D11AC7DF17}
		{891B1FD9-CA73-4129-8D1D-D6663F01866C} = {875EF569-4684-473D-A2D4-A35B20B4A07C}
		{4E6722B5-AC95-494C-80A5-A4D80CC502B5} = {2997D17C-A736-43E5-B3DD-11D11AC7DF17}
		{A453E920-29C0-45CD-984C-0D8E3631B1E3} = {2997D17C-A736-43E5-B3DD-11D11AC7DF17}
		{78FEBD73-8BC4-45B9-9B31-D512E1AFAD60} = {2997D17C-A736-43E5-B3DD-11D11AC7DF17}
		{CF157DCB-B973-42B4-948A-F6643EB6216D} = {C68D256D-7D40-4E33-8A2B-B1625538B138}
		{AFCB7986-73C5-4DEA-897B-46EC1D124965} = {C68D256D-7D40-4E33-8A2B-B1625538B138}
		{224FE019-A978-4390-9F77-EBEB7A384743} = {C68D256D-7D40-4E33-8A2B-B1625538B138}
		{CF049086-0872-4F55-AF6D-6177245CC59E} = {C68D256D-7D40-4E33-8A2B-B1625538B138}
		{ECA9A043-5B86-445C-B70E-843573AAF72E} = {C68D256D-7D40-4E33-8A2B-B1625538B138}
		{7DE6A7E8-5738-4436-9646-9C1179F752EA} = {C68D256D-7D40-4E33-8A2B-B1625538B138}
		{0279705B-779D-485D-86B9-F7AB3DD1F2C3} = {2997D17C-A736-43E5-B3DD-11D11AC7DF17}
		{0C78C008-DB1D-4CE6-B081-A04AFDAF5880} = {C68D256D-7D40-4E33-8A2B-B1625538B138}
		{A29CB53A-DF6C-487C-9FDC-DC73A5CB2B13} = {C68D256D-7D40-4E33-8A2B-B1625538B138}
		{87F754D3-F098-49A3-975E-82F02B575E7C} = {C68D256D-7D40-4E33-8A2B-B1625538B138}
		{4674B8B8-6567-4EB5-B5A8-C838FECCE302} = {C68D256D-7D40-4E33-8A2B-B1625538B138}
	EndGlobalSection
	GlobalSection(ExtensibilityGlobals) = postSolution
		SolutionGuid = {7D903DEB-CA0B-43D8-BD9D-820BB1453C4C}
	EndGlobalSection
	GlobalSection(TestCaseManagementSettings) = postSolution
		CategoryFile = sensenet.vsmdi
	EndGlobalSection
EndGlobal
