Microsoft Visual Studio Solution File, Format Version 12.00
# Visual Studio 14
VisualStudioVersion = 14.0.25420.1
MinimumVisualStudioVersion = 10.0.40219.1
Project("{2150E333-8FDC-42A3-9474-1A3956D46DE8}") = "Tools", "Tools", "{875EF569-4684-473D-A2D4-A35B20B4A07C}"
EndProject
Project("{2150E333-8FDC-42A3-9474-1A3956D46DE8}") = "Core", "Core", "{2997D17C-A736-43E5-B3DD-11D11AC7DF17}"
EndProject
Project("{FAE04EC0-301F-11D3-BF4B-00C04F79EFBC}") = "ContentRepository", "ContentRepository\ContentRepository.csproj", "{786E6165-CA02-45A9-BF58-207A45D7D6DF}"
EndProject
Project("{FAE04EC0-301F-11D3-BF4B-00C04F79EFBC}") = "Storage", "Storage\Storage.csproj", "{5DB4DDBA-81F6-4D81-943A-18F3178B3355}"
EndProject
Project("{FAE04EC0-301F-11D3-BF4B-00C04F79EFBC}") = "Services", "Services\Services.csproj", "{B72529C8-FEB1-49F5-B08B-56055B58F296}"
EndProject
Project("{FAE04EC0-301F-11D3-BF4B-00C04F79EFBC}") = "Configuration", "Configuration\Configuration.csproj", "{A19F707C-B1C3-45C7-AE38-E7B7F30C1161}"
EndProject
Project("{FAE04EC0-301F-11D3-BF4B-00C04F79EFBC}") = "SnAdminRuntime", "Tools\SnAdminRuntime\SnAdminRuntime.csproj", "{891B1FD9-CA73-4129-8D1D-D6663F01866C}"
EndProject
Project("{FAE04EC0-301F-11D3-BF4B-00C04F79EFBC}") = "Preview", "Preview\Preview.csproj", "{01AE54AF-DB4E-431E-A3F9-FBCD2AD73D03}"
EndProject
Project("{FAE04EC0-301F-11D3-BF4B-00C04F79EFBC}") = "BlobStorage", "BlobStorage\BlobStorage.csproj", "{4E6722B5-AC95-494C-80A5-A4D80CC502B5}"
EndProject
Project("{FAE04EC0-301F-11D3-BF4B-00C04F79EFBC}") = "Common", "Common\Common.csproj", "{A453E920-29C0-45CD-984C-0D8E3631B1E3}"
EndProject
Project("{2150E333-8FDC-42A3-9474-1A3956D46DE8}") = "Solution Items", "Solution Items", "{6D908666-E47F-47A7-A7E5-C696B9CD517A}"
	ProjectSection(SolutionItems) = preProject
		nuget\content\Admin\tools\installnuget\manifest.xml = nuget\content\Admin\tools\installnuget\manifest.xml
		nuget\readme.txt = nuget\readme.txt
		nuget\content\Web.config.transform = nuget\content\Web.config.transform
	EndProjectSection
EndProject
Project("{FAE04EC0-301F-11D3-BF4B-00C04F79EFBC}") = "SenseNet.TokenAuthentication", "SenseNet.TokenAuthentication\SenseNet.TokenAuthentication.csproj", "{78FEBD73-8BC4-45B9-9B31-D512E1AFAD60}"
EndProject
Project("{2150E333-8FDC-42A3-9474-1A3956D46DE8}") = "Tests", "Tests", "{2F37BD6E-C9BE-4A29-AB5A-7100AEBBA1C3}"
EndProject
Project("{FAE04EC0-301F-11D3-BF4B-00C04F79EFBC}") = "SenseNet.Services.Tests", "Tests\SenseNet.Services.Tests\SenseNet.Services.Tests.csproj", "{CF157DCB-B973-42B4-948A-F6643EB6216D}"
EndProject
Project("{FAE04EC0-301F-11D3-BF4B-00C04F79EFBC}") = "SenseNet.TokenAuthentication.Tests", "Tests\SenseNet.TokenAuthentication.Tests\SenseNet.TokenAuthentication.Tests.csproj", "{AFCB7986-73C5-4DEA-897B-46EC1D124965}"
EndProject
Global
	GlobalSection(SolutionConfigurationPlatforms) = preSolution
		Debug|Any CPU = Debug|Any CPU
		Debug|Mixed Platforms = Debug|Mixed Platforms
		Debug|x64 = Debug|x64
		Debug|x86 = Debug|x86
		Release|Any CPU = Release|Any CPU
		Release|Mixed Platforms = Release|Mixed Platforms
		Release|x64 = Release|x64
		Release|x86 = Release|x86
	EndGlobalSection
	GlobalSection(ProjectConfigurationPlatforms) = postSolution
		{786E6165-CA02-45A9-BF58-207A45D7D6DF}.Debug|Any CPU.ActiveCfg = Debug|Any CPU
		{786E6165-CA02-45A9-BF58-207A45D7D6DF}.Debug|Any CPU.Build.0 = Debug|Any CPU
		{786E6165-CA02-45A9-BF58-207A45D7D6DF}.Debug|Mixed Platforms.ActiveCfg = Debug|Any CPU
		{786E6165-CA02-45A9-BF58-207A45D7D6DF}.Debug|Mixed Platforms.Build.0 = Debug|Any CPU
		{786E6165-CA02-45A9-BF58-207A45D7D6DF}.Debug|x64.ActiveCfg = Debug|Any CPU
		{786E6165-CA02-45A9-BF58-207A45D7D6DF}.Debug|x86.ActiveCfg = Debug|Any CPU
		{786E6165-CA02-45A9-BF58-207A45D7D6DF}.Release|Any CPU.ActiveCfg = Release|Any CPU
		{786E6165-CA02-45A9-BF58-207A45D7D6DF}.Release|Any CPU.Build.0 = Release|Any CPU
		{786E6165-CA02-45A9-BF58-207A45D7D6DF}.Release|Mixed Platforms.ActiveCfg = Release|Any CPU
		{786E6165-CA02-45A9-BF58-207A45D7D6DF}.Release|Mixed Platforms.Build.0 = Release|Any CPU
		{786E6165-CA02-45A9-BF58-207A45D7D6DF}.Release|x64.ActiveCfg = Release|Any CPU
		{786E6165-CA02-45A9-BF58-207A45D7D6DF}.Release|x86.ActiveCfg = Release|Any CPU
		{5DB4DDBA-81F6-4D81-943A-18F3178B3355}.Debug|Any CPU.ActiveCfg = Debug|Any CPU
		{5DB4DDBA-81F6-4D81-943A-18F3178B3355}.Debug|Any CPU.Build.0 = Debug|Any CPU
		{5DB4DDBA-81F6-4D81-943A-18F3178B3355}.Debug|Mixed Platforms.ActiveCfg = Debug|Any CPU
		{5DB4DDBA-81F6-4D81-943A-18F3178B3355}.Debug|Mixed Platforms.Build.0 = Debug|Any CPU
		{5DB4DDBA-81F6-4D81-943A-18F3178B3355}.Debug|x64.ActiveCfg = Debug|Any CPU
		{5DB4DDBA-81F6-4D81-943A-18F3178B3355}.Debug|x86.ActiveCfg = Debug|Any CPU
		{5DB4DDBA-81F6-4D81-943A-18F3178B3355}.Release|Any CPU.ActiveCfg = Release|Any CPU
		{5DB4DDBA-81F6-4D81-943A-18F3178B3355}.Release|Any CPU.Build.0 = Release|Any CPU
		{5DB4DDBA-81F6-4D81-943A-18F3178B3355}.Release|Mixed Platforms.ActiveCfg = Release|Any CPU
		{5DB4DDBA-81F6-4D81-943A-18F3178B3355}.Release|Mixed Platforms.Build.0 = Release|Any CPU
		{5DB4DDBA-81F6-4D81-943A-18F3178B3355}.Release|x64.ActiveCfg = Release|Any CPU
		{5DB4DDBA-81F6-4D81-943A-18F3178B3355}.Release|x86.ActiveCfg = Release|Any CPU
		{B72529C8-FEB1-49F5-B08B-56055B58F296}.Debug|Any CPU.ActiveCfg = Debug|Any CPU
		{B72529C8-FEB1-49F5-B08B-56055B58F296}.Debug|Any CPU.Build.0 = Debug|Any CPU
		{B72529C8-FEB1-49F5-B08B-56055B58F296}.Debug|Mixed Platforms.ActiveCfg = Debug|Any CPU
		{B72529C8-FEB1-49F5-B08B-56055B58F296}.Debug|Mixed Platforms.Build.0 = Debug|Any CPU
		{B72529C8-FEB1-49F5-B08B-56055B58F296}.Debug|x64.ActiveCfg = Debug|Any CPU
		{B72529C8-FEB1-49F5-B08B-56055B58F296}.Debug|x86.ActiveCfg = Debug|Any CPU
		{B72529C8-FEB1-49F5-B08B-56055B58F296}.Release|Any CPU.ActiveCfg = Release|Any CPU
		{B72529C8-FEB1-49F5-B08B-56055B58F296}.Release|Any CPU.Build.0 = Release|Any CPU
		{B72529C8-FEB1-49F5-B08B-56055B58F296}.Release|Mixed Platforms.ActiveCfg = Release|Any CPU
		{B72529C8-FEB1-49F5-B08B-56055B58F296}.Release|Mixed Platforms.Build.0 = Release|Any CPU
		{B72529C8-FEB1-49F5-B08B-56055B58F296}.Release|x64.ActiveCfg = Release|Any CPU
		{B72529C8-FEB1-49F5-B08B-56055B58F296}.Release|x86.ActiveCfg = Release|Any CPU
		{A19F707C-B1C3-45C7-AE38-E7B7F30C1161}.Debug|Any CPU.ActiveCfg = Debug|Any CPU
		{A19F707C-B1C3-45C7-AE38-E7B7F30C1161}.Debug|Any CPU.Build.0 = Debug|Any CPU
		{A19F707C-B1C3-45C7-AE38-E7B7F30C1161}.Debug|Mixed Platforms.ActiveCfg = Debug|Any CPU
		{A19F707C-B1C3-45C7-AE38-E7B7F30C1161}.Debug|Mixed Platforms.Build.0 = Debug|Any CPU
		{A19F707C-B1C3-45C7-AE38-E7B7F30C1161}.Debug|x64.ActiveCfg = Debug|Any CPU
		{A19F707C-B1C3-45C7-AE38-E7B7F30C1161}.Debug|x86.ActiveCfg = Debug|Any CPU
		{A19F707C-B1C3-45C7-AE38-E7B7F30C1161}.Release|Any CPU.ActiveCfg = Release|Any CPU
		{A19F707C-B1C3-45C7-AE38-E7B7F30C1161}.Release|Any CPU.Build.0 = Release|Any CPU
		{A19F707C-B1C3-45C7-AE38-E7B7F30C1161}.Release|Mixed Platforms.ActiveCfg = Release|Any CPU
		{A19F707C-B1C3-45C7-AE38-E7B7F30C1161}.Release|Mixed Platforms.Build.0 = Release|Any CPU
		{A19F707C-B1C3-45C7-AE38-E7B7F30C1161}.Release|x64.ActiveCfg = Release|Any CPU
		{A19F707C-B1C3-45C7-AE38-E7B7F30C1161}.Release|x86.ActiveCfg = Release|Any CPU
		{891B1FD9-CA73-4129-8D1D-D6663F01866C}.Debug|Any CPU.ActiveCfg = Debug|Any CPU
		{891B1FD9-CA73-4129-8D1D-D6663F01866C}.Debug|Any CPU.Build.0 = Debug|Any CPU
		{891B1FD9-CA73-4129-8D1D-D6663F01866C}.Debug|Mixed Platforms.ActiveCfg = Debug|Any CPU
		{891B1FD9-CA73-4129-8D1D-D6663F01866C}.Debug|Mixed Platforms.Build.0 = Debug|Any CPU
		{891B1FD9-CA73-4129-8D1D-D6663F01866C}.Debug|x64.ActiveCfg = Debug|Any CPU
		{891B1FD9-CA73-4129-8D1D-D6663F01866C}.Debug|x86.ActiveCfg = Debug|Any CPU
		{891B1FD9-CA73-4129-8D1D-D6663F01866C}.Release|Any CPU.ActiveCfg = Release|Any CPU
		{891B1FD9-CA73-4129-8D1D-D6663F01866C}.Release|Any CPU.Build.0 = Release|Any CPU
		{891B1FD9-CA73-4129-8D1D-D6663F01866C}.Release|Mixed Platforms.ActiveCfg = Release|Any CPU
		{891B1FD9-CA73-4129-8D1D-D6663F01866C}.Release|Mixed Platforms.Build.0 = Release|Any CPU
		{891B1FD9-CA73-4129-8D1D-D6663F01866C}.Release|x64.ActiveCfg = Release|Any CPU
		{891B1FD9-CA73-4129-8D1D-D6663F01866C}.Release|x86.ActiveCfg = Release|Any CPU
		{01AE54AF-DB4E-431E-A3F9-FBCD2AD73D03}.Debug|Any CPU.ActiveCfg = Debug|Any CPU
		{01AE54AF-DB4E-431E-A3F9-FBCD2AD73D03}.Debug|Any CPU.Build.0 = Debug|Any CPU
		{01AE54AF-DB4E-431E-A3F9-FBCD2AD73D03}.Debug|Mixed Platforms.ActiveCfg = Debug|Any CPU
		{01AE54AF-DB4E-431E-A3F9-FBCD2AD73D03}.Debug|Mixed Platforms.Build.0 = Debug|Any CPU
		{01AE54AF-DB4E-431E-A3F9-FBCD2AD73D03}.Debug|x64.ActiveCfg = Debug|Any CPU
		{01AE54AF-DB4E-431E-A3F9-FBCD2AD73D03}.Debug|x86.ActiveCfg = Debug|Any CPU
		{01AE54AF-DB4E-431E-A3F9-FBCD2AD73D03}.Release|Any CPU.ActiveCfg = Release|Any CPU
		{01AE54AF-DB4E-431E-A3F9-FBCD2AD73D03}.Release|Any CPU.Build.0 = Release|Any CPU
		{01AE54AF-DB4E-431E-A3F9-FBCD2AD73D03}.Release|Mixed Platforms.ActiveCfg = Release|Any CPU
		{01AE54AF-DB4E-431E-A3F9-FBCD2AD73D03}.Release|Mixed Platforms.Build.0 = Release|Any CPU
		{01AE54AF-DB4E-431E-A3F9-FBCD2AD73D03}.Release|x64.ActiveCfg = Release|Any CPU
		{01AE54AF-DB4E-431E-A3F9-FBCD2AD73D03}.Release|x86.ActiveCfg = Release|Any CPU
		{4E6722B5-AC95-494C-80A5-A4D80CC502B5}.Debug|Any CPU.ActiveCfg = Debug|Any CPU
		{4E6722B5-AC95-494C-80A5-A4D80CC502B5}.Debug|Any CPU.Build.0 = Debug|Any CPU
		{4E6722B5-AC95-494C-80A5-A4D80CC502B5}.Debug|Mixed Platforms.ActiveCfg = Debug|Any CPU
		{4E6722B5-AC95-494C-80A5-A4D80CC502B5}.Debug|Mixed Platforms.Build.0 = Debug|Any CPU
		{4E6722B5-AC95-494C-80A5-A4D80CC502B5}.Debug|x64.ActiveCfg = Debug|Any CPU
		{4E6722B5-AC95-494C-80A5-A4D80CC502B5}.Debug|x64.Build.0 = Debug|Any CPU
		{4E6722B5-AC95-494C-80A5-A4D80CC502B5}.Debug|x86.ActiveCfg = Debug|Any CPU
		{4E6722B5-AC95-494C-80A5-A4D80CC502B5}.Debug|x86.Build.0 = Debug|Any CPU
		{4E6722B5-AC95-494C-80A5-A4D80CC502B5}.Release|Any CPU.ActiveCfg = Release|Any CPU
		{4E6722B5-AC95-494C-80A5-A4D80CC502B5}.Release|Any CPU.Build.0 = Release|Any CPU
		{4E6722B5-AC95-494C-80A5-A4D80CC502B5}.Release|Mixed Platforms.ActiveCfg = Release|Any CPU
		{4E6722B5-AC95-494C-80A5-A4D80CC502B5}.Release|Mixed Platforms.Build.0 = Release|Any CPU
		{4E6722B5-AC95-494C-80A5-A4D80CC502B5}.Release|x64.ActiveCfg = Release|Any CPU
		{4E6722B5-AC95-494C-80A5-A4D80CC502B5}.Release|x64.Build.0 = Release|Any CPU
		{4E6722B5-AC95-494C-80A5-A4D80CC502B5}.Release|x86.ActiveCfg = Release|Any CPU
		{4E6722B5-AC95-494C-80A5-A4D80CC502B5}.Release|x86.Build.0 = Release|Any CPU
		{A453E920-29C0-45CD-984C-0D8E3631B1E3}.Debug|Any CPU.ActiveCfg = Debug|Any CPU
		{A453E920-29C0-45CD-984C-0D8E3631B1E3}.Debug|Any CPU.Build.0 = Debug|Any CPU
		{A453E920-29C0-45CD-984C-0D8E3631B1E3}.Debug|Mixed Platforms.ActiveCfg = Debug|Any CPU
		{A453E920-29C0-45CD-984C-0D8E3631B1E3}.Debug|Mixed Platforms.Build.0 = Debug|Any CPU
		{A453E920-29C0-45CD-984C-0D8E3631B1E3}.Debug|x64.ActiveCfg = Debug|Any CPU
		{A453E920-29C0-45CD-984C-0D8E3631B1E3}.Debug|x64.Build.0 = Debug|Any CPU
		{A453E920-29C0-45CD-984C-0D8E3631B1E3}.Debug|x86.ActiveCfg = Debug|Any CPU
		{A453E920-29C0-45CD-984C-0D8E3631B1E3}.Debug|x86.Build.0 = Debug|Any CPU
		{A453E920-29C0-45CD-984C-0D8E3631B1E3}.Release|Any CPU.ActiveCfg = Release|Any CPU
		{A453E920-29C0-45CD-984C-0D8E3631B1E3}.Release|Any CPU.Build.0 = Release|Any CPU
		{A453E920-29C0-45CD-984C-0D8E3631B1E3}.Release|Mixed Platforms.ActiveCfg = Release|Any CPU
		{A453E920-29C0-45CD-984C-0D8E3631B1E3}.Release|Mixed Platforms.Build.0 = Release|Any CPU
		{A453E920-29C0-45CD-984C-0D8E3631B1E3}.Release|x64.ActiveCfg = Release|Any CPU
		{A453E920-29C0-45CD-984C-0D8E3631B1E3}.Release|x64.Build.0 = Release|Any CPU
		{A453E920-29C0-45CD-984C-0D8E3631B1E3}.Release|x86.ActiveCfg = Release|Any CPU
		{A453E920-29C0-45CD-984C-0D8E3631B1E3}.Release|x86.Build.0 = Release|Any CPU
		{78FEBD73-8BC4-45B9-9B31-D512E1AFAD60}.Debug|Any CPU.ActiveCfg = Debug|Any CPU
		{78FEBD73-8BC4-45B9-9B31-D512E1AFAD60}.Debug|Any CPU.Build.0 = Debug|Any CPU
		{78FEBD73-8BC4-45B9-9B31-D512E1AFAD60}.Debug|Mixed Platforms.ActiveCfg = Debug|Any CPU
		{78FEBD73-8BC4-45B9-9B31-D512E1AFAD60}.Debug|Mixed Platforms.Build.0 = Debug|Any CPU
		{78FEBD73-8BC4-45B9-9B31-D512E1AFAD60}.Debug|x64.ActiveCfg = Debug|Any CPU
		{78FEBD73-8BC4-45B9-9B31-D512E1AFAD60}.Debug|x64.Build.0 = Debug|Any CPU
		{78FEBD73-8BC4-45B9-9B31-D512E1AFAD60}.Debug|x86.ActiveCfg = Debug|Any CPU
		{78FEBD73-8BC4-45B9-9B31-D512E1AFAD60}.Debug|x86.Build.0 = Debug|Any CPU
		{78FEBD73-8BC4-45B9-9B31-D512E1AFAD60}.Release|Any CPU.ActiveCfg = Release|Any CPU
		{78FEBD73-8BC4-45B9-9B31-D512E1AFAD60}.Release|Any CPU.Build.0 = Release|Any CPU
		{78FEBD73-8BC4-45B9-9B31-D512E1AFAD60}.Release|Mixed Platforms.ActiveCfg = Release|Any CPU
		{78FEBD73-8BC4-45B9-9B31-D512E1AFAD60}.Release|Mixed Platforms.Build.0 = Release|Any CPU
		{78FEBD73-8BC4-45B9-9B31-D512E1AFAD60}.Release|x64.ActiveCfg = Release|Any CPU
		{78FEBD73-8BC4-45B9-9B31-D512E1AFAD60}.Release|x64.Build.0 = Release|Any CPU
		{78FEBD73-8BC4-45B9-9B31-D512E1AFAD60}.Release|x86.ActiveCfg = Release|Any CPU
		{78FEBD73-8BC4-45B9-9B31-D512E1AFAD60}.Release|x86.Build.0 = Release|Any CPU
		{CF157DCB-B973-42B4-948A-F6643EB6216D}.Debug|Any CPU.ActiveCfg = Debug|Any CPU
		{CF157DCB-B973-42B4-948A-F6643EB6216D}.Debug|Any CPU.Build.0 = Debug|Any CPU
		{CF157DCB-B973-42B4-948A-F6643EB6216D}.Debug|Mixed Platforms.ActiveCfg = Debug|Any CPU
		{CF157DCB-B973-42B4-948A-F6643EB6216D}.Debug|Mixed Platforms.Build.0 = Debug|Any CPU
		{CF157DCB-B973-42B4-948A-F6643EB6216D}.Debug|x64.ActiveCfg = Debug|Any CPU
		{CF157DCB-B973-42B4-948A-F6643EB6216D}.Debug|x64.Build.0 = Debug|Any CPU
		{CF157DCB-B973-42B4-948A-F6643EB6216D}.Debug|x86.ActiveCfg = Debug|Any CPU
		{CF157DCB-B973-42B4-948A-F6643EB6216D}.Debug|x86.Build.0 = Debug|Any CPU
		{CF157DCB-B973-42B4-948A-F6643EB6216D}.Release|Any CPU.ActiveCfg = Release|Any CPU
		{CF157DCB-B973-42B4-948A-F6643EB6216D}.Release|Any CPU.Build.0 = Release|Any CPU
		{CF157DCB-B973-42B4-948A-F6643EB6216D}.Release|Mixed Platforms.ActiveCfg = Release|Any CPU
		{CF157DCB-B973-42B4-948A-F6643EB6216D}.Release|Mixed Platforms.Build.0 = Release|Any CPU
		{CF157DCB-B973-42B4-948A-F6643EB6216D}.Release|x64.ActiveCfg = Release|Any CPU
		{CF157DCB-B973-42B4-948A-F6643EB6216D}.Release|x64.Build.0 = Release|Any CPU
		{CF157DCB-B973-42B4-948A-F6643EB6216D}.Release|x86.ActiveCfg = Release|Any CPU
		{CF157DCB-B973-42B4-948A-F6643EB6216D}.Release|x86.Build.0 = Release|Any CPU
		{AFCB7986-73C5-4DEA-897B-46EC1D124965}.Debug|Any CPU.ActiveCfg = Debug|Any CPU
		{AFCB7986-73C5-4DEA-897B-46EC1D124965}.Debug|Any CPU.Build.0 = Debug|Any CPU
		{AFCB7986-73C5-4DEA-897B-46EC1D124965}.Debug|Mixed Platforms.ActiveCfg = Debug|Any CPU
		{AFCB7986-73C5-4DEA-897B-46EC1D124965}.Debug|Mixed Platforms.Build.0 = Debug|Any CPU
		{AFCB7986-73C5-4DEA-897B-46EC1D124965}.Debug|x64.ActiveCfg = Debug|Any CPU
		{AFCB7986-73C5-4DEA-897B-46EC1D124965}.Debug|x64.Build.0 = Debug|Any CPU
		{AFCB7986-73C5-4DEA-897B-46EC1D124965}.Debug|x86.ActiveCfg = Debug|Any CPU
		{AFCB7986-73C5-4DEA-897B-46EC1D124965}.Debug|x86.Build.0 = Debug|Any CPU
		{AFCB7986-73C5-4DEA-897B-46EC1D124965}.Release|Any CPU.ActiveCfg = Release|Any CPU
		{AFCB7986-73C5-4DEA-897B-46EC1D124965}.Release|Any CPU.Build.0 = Release|Any CPU
		{AFCB7986-73C5-4DEA-897B-46EC1D124965}.Release|Mixed Platforms.ActiveCfg = Release|Any CPU
		{AFCB7986-73C5-4DEA-897B-46EC1D124965}.Release|Mixed Platforms.Build.0 = Release|Any CPU
		{AFCB7986-73C5-4DEA-897B-46EC1D124965}.Release|x64.ActiveCfg = Release|Any CPU
		{AFCB7986-73C5-4DEA-897B-46EC1D124965}.Release|x64.Build.0 = Release|Any CPU
		{AFCB7986-73C5-4DEA-897B-46EC1D124965}.Release|x86.ActiveCfg = Release|Any CPU
		{AFCB7986-73C5-4DEA-897B-46EC1D124965}.Release|x86.Build.0 = Release|Any CPU
	EndGlobalSection
	GlobalSection(SolutionProperties) = preSolution
		HideSolutionNode = FALSE
	EndGlobalSection
	GlobalSection(NestedProjects) = preSolution
		{786E6165-CA02-45A9-BF58-207A45D7D6DF} = {2997D17C-A736-43E5-B3DD-11D11AC7DF17}
		{5DB4DDBA-81F6-4D81-943A-18F3178B3355} = {2997D17C-A736-43E5-B3DD-11D11AC7DF17}
		{B72529C8-FEB1-49F5-B08B-56055B58F296} = {2997D17C-A736-43E5-B3DD-11D11AC7DF17}
		{A19F707C-B1C3-45C7-AE38-E7B7F30C1161} = {2997D17C-A736-43E5-B3DD-11D11AC7DF17}
		{891B1FD9-CA73-4129-8D1D-D6663F01866C} = {875EF569-4684-473D-A2D4-A35B20B4A07C}
		{01AE54AF-DB4E-431E-A3F9-FBCD2AD73D03} = {2997D17C-A736-43E5-B3DD-11D11AC7DF17}
		{4E6722B5-AC95-494C-80A5-A4D80CC502B5} = {2997D17C-A736-43E5-B3DD-11D11AC7DF17}
		{A453E920-29C0-45CD-984C-0D8E3631B1E3} = {2997D17C-A736-43E5-B3DD-11D11AC7DF17}
		{78FEBD73-8BC4-45B9-9B31-D512E1AFAD60} = {2997D17C-A736-43E5-B3DD-11D11AC7DF17}
		{CF157DCB-B973-42B4-948A-F6643EB6216D} = {2F37BD6E-C9BE-4A29-AB5A-7100AEBBA1C3}
		{AFCB7986-73C5-4DEA-897B-46EC1D124965} = {2F37BD6E-C9BE-4A29-AB5A-7100AEBBA1C3}
	EndGlobalSection
	GlobalSection(TestCaseManagementSettings) = postSolution
		CategoryFile = sensenet.vsmdi
	EndGlobalSection
EndGlobal
