Microsoft Visual Studio Solution File, Format Version 12.00
# Visual Studio Version 16
VisualStudioVersion = 16.0.29306.81
MinimumVisualStudioVersion = 10.0.40219.1
Project("{2150E333-8FDC-42A3-9474-1A3956D46DE8}") = "Tools", "Tools", "{875EF569-4684-473D-A2D4-A35B20B4A07C}"
EndProject
Project("{2150E333-8FDC-42A3-9474-1A3956D46DE8}") = "Core", "Core", "{2997D17C-A736-43E5-B3DD-11D11AC7DF17}"
EndProject
Project("{9A19103F-16F7-4668-BE54-9A1E7A4F7556}") = "SenseNet.ContentRepository", "ContentRepository\SenseNet.ContentRepository.csproj", "{786E6165-CA02-45A9-BF58-207A45D7D6DF}"
EndProject
Project("{9A19103F-16F7-4668-BE54-9A1E7A4F7556}") = "SenseNet.Storage", "Storage\SenseNet.Storage.csproj", "{5DB4DDBA-81F6-4D81-943A-18F3178B3355}"
EndProject
Project("{FAE04EC0-301F-11D3-BF4B-00C04F79EFBC}") = "SenseNet.Services", "Services\SenseNet.Services.csproj", "{B72529C8-FEB1-49F5-B08B-56055B58F296}"
EndProject
Project("{FAE04EC0-301F-11D3-BF4B-00C04F79EFBC}") = "SnAdminRuntime", "Tools\SnAdminRuntime\SnAdminRuntime.csproj", "{891B1FD9-CA73-4129-8D1D-D6663F01866C}"
EndProject
Project("{9A19103F-16F7-4668-BE54-9A1E7A4F7556}") = "SenseNet.Common", "Common\SenseNet.Common.csproj", "{A453E920-29C0-45CD-984C-0D8E3631B1E3}"
EndProject
Project("{2150E333-8FDC-42A3-9474-1A3956D46DE8}") = "Solution Items", "Solution Items", "{6D908666-E47F-47A7-A7E5-C696B9CD517A}"
	ProjectSection(SolutionItems) = preProject
		..\tools\scripts\CompressInstall.ps1 = ..\tools\scripts\CompressInstall.ps1
		..\tools\scripts\CreateNuGetPackages.ps1 = ..\tools\scripts\CreateNuGetPackages.ps1
		nuget\snadmin\install-services\manifest.xml = nuget\snadmin\install-services\manifest.xml
		nuget\snadmin\install-services-core\manifest.xml = nuget\snadmin\install-services-core\manifest.xml
		nuget\readme.txt = nuget\readme.txt
		nuget\content\Web.config.transform = nuget\content\Web.config.transform
	EndProjectSection
EndProject
Project("{9A19103F-16F7-4668-BE54-9A1E7A4F7556}") = "SenseNet.TokenAuthentication", "TokenAuthentication\SenseNet.TokenAuthentication.csproj", "{78FEBD73-8BC4-45B9-9B31-D512E1AFAD60}"
EndProject
Project("{2150E333-8FDC-42A3-9474-1A3956D46DE8}") = "Tests", "Tests", "{C68D256D-7D40-4E33-8A2B-B1625538B138}"
EndProject
Project("{FAE04EC0-301F-11D3-BF4B-00C04F79EFBC}") = "SenseNet.Services.Tests", "Tests\SenseNet.Services.Tests\SenseNet.Services.Tests.csproj", "{CF157DCB-B973-42B4-948A-F6643EB6216D}"
EndProject
Project("{FAE04EC0-301F-11D3-BF4B-00C04F79EFBC}") = "SenseNet.TokenAuthentication.Tests", "Tests\SenseNet.TokenAuthentication.Tests\SenseNet.TokenAuthentication.Tests.csproj", "{AFCB7986-73C5-4DEA-897B-46EC1D124965}"
EndProject
Project("{9A19103F-16F7-4668-BE54-9A1E7A4F7556}") = "SenseNet.Search", "Search\SenseNet.Search.csproj", "{0279705B-779D-485D-86B9-F7AB3DD1F2C3}"
EndProject
Project("{FAE04EC0-301F-11D3-BF4B-00C04F79EFBC}") = "SenseNet.RestTester", "Tests\SenseNet.RestTester\SenseNet.RestTester.csproj", "{87F754D3-F098-49A3-975E-82F02B575E7C}"
EndProject
Project("{FAE04EC0-301F-11D3-BF4B-00C04F79EFBC}") = "SenseNet.Tests", "Tests\SenseNet.Tests\SenseNet.Tests.csproj", "{A0909E8F-E039-4080-A259-676CFD38CCD1}"
EndProject
Project("{FAE04EC0-301F-11D3-BF4B-00C04F79EFBC}") = "SenseNet.ContentRepository.Tests", "Tests\SenseNet.ContentRepository.Tests\SenseNet.ContentRepository.Tests.csproj", "{1CF177B1-BCF9-4634-AD71-9DC6D0E58AB7}"
EndProject
Project("{FAE04EC0-301F-11D3-BF4B-00C04F79EFBC}") = "SnAdminRuntime.Tests", "Tests\SnAdminRuntime.Tests\SnAdminRuntime.Tests.csproj", "{4FB57308-8B47-4232-A97B-0E784A2DCD49}"
EndProject
Project("{FAE04EC0-301F-11D3-BF4B-00C04F79EFBC}") = "SenseNet.Packaging.Tests", "Tests\SenseNet.Packaging.Tests\SenseNet.Packaging.Tests.csproj", "{6B711835-9172-4F07-9FC3-BA79C7DFA916}"
EndProject
Project("{FAE04EC0-301F-11D3-BF4B-00C04F79EFBC}") = "SenseNet.Search.Tests", "Tests\SenseNet.Search.Tests\SenseNet.Search.Tests.csproj", "{43E6E75C-2410-464D-B7D6-36F8ACF85A17}"
EndProject
Project("{FAE04EC0-301F-11D3-BF4B-00C04F79EFBC}") = "SenseNet.Services.OData.Tests", "Tests\SenseNet.Services.OData.Tests\SenseNet.Services.OData.Tests.csproj", "{0CB6D0A8-A477-4382-9F5A-C5BEBD2648AA}"
EndProject
Project("{9A19103F-16F7-4668-BE54-9A1E7A4F7556}") = "SenseNet.BlobStorage", "BlobStorage\SenseNet.BlobStorage.csproj", "{C250C071-6ACD-42E0-9FFC-63283AFB8C6C}"
EndProject
Project("{FAE04EC0-301F-11D3-BF4B-00C04F79EFBC}") = "SenseNet.Scripting.JScript", "Scripting.JScript\SenseNet.Scripting.JScript.csproj", "{F934DA68-BAF1-4DA4-B09B-B018EF44E8AC}"
EndProject
Project("{FAE04EC0-301F-11D3-BF4B-00C04F79EFBC}") = "SenseNet.TextExtractors.Pdf", "TextExtractors.Pdf\SenseNet.TextExtractors.Pdf.csproj", "{67EC265E-A47C-4939-AAD3-A405EEC062F9}"
EndProject
Project("{FAE04EC0-301F-11D3-BF4B-00C04F79EFBC}") = "SenseNet.Tests.Hosting", "Tests\SenseNet.Tests.Hosting\SenseNet.Tests.Hosting.csproj", "{3FD689F9-C015-44B3-9EDE-144E60E666A9}"
EndProject
Project("{9A19103F-16F7-4668-BE54-9A1E7A4F7556}") = "SenseNet.OData", "OData\SenseNet.OData.csproj", "{EF5A2EB2-723F-4CAF-9950-954421E3B0A0}"
EndProject
Project("{9A19103F-16F7-4668-BE54-9A1E7A4F7556}") = "SenseNet.ODataTest.WebApp", "Tests\SenseNet.ODataTest.WebApp\SenseNet.ODataTest.WebApp.csproj", "{04654A06-3FC1-4D93-8A35-C9DEAF9E2BA7}"
EndProject
Project("{9A19103F-16F7-4668-BE54-9A1E7A4F7556}") = "SenseNet.ODataTests", "Tests\SenseNet.ODataTests\SenseNet.ODataTests.csproj", "{B2F72AB7-36C5-4E95-839F-0DD340AC8C36}"
EndProject
Project("{9A19103F-16F7-4668-BE54-9A1E7A4F7556}") = "SenseNet.ContentRepository.InMemory", "ContentRepository.InMemory\SenseNet.ContentRepository.InMemory.csproj", "{DF893D4B-BB76-4A5C-AB92-B1A8B283577F}"
EndProject
Project("{9A19103F-16F7-4668-BE54-9A1E7A4F7556}") = "SenseNet.Services.Core", "Services.Core\SenseNet.Services.Core.csproj", "{2C97F180-2F80-49A5-9C8B-D114E4CCC819}"
EndProject
Project("{9A19103F-16F7-4668-BE54-9A1E7A4F7556}") = "SenseNet.Services.Core.Install", "Services.Core.Install\SenseNet.Services.Core.Install.csproj", "{E1FD0E29-39F8-40A1-89D7-F513DD783089}"
EndProject
Project("{9A19103F-16F7-4668-BE54-9A1E7A4F7556}") = "SnConsoleInstaller", "Tools\SnConsoleInstaller\SnConsoleInstaller.csproj", "{0A1EF09D-E36E-46A8-A734-844C09323873}"
EndProject
Project("{9A19103F-16F7-4668-BE54-9A1E7A4F7556}") = "SenseNet.Tests.SPA", "Tests\SenseNet.Tests.SPA\SenseNet.Tests.SPA.csproj", "{23BC6A68-B95A-4C2E-BBFE-83EA3522F729}"
EndProject
Project("{9A19103F-16F7-4668-BE54-9A1E7A4F7556}") = "SenseNet.Services.Core.Tests", "Tests\SenseNet.Services.Core.Tests\SenseNet.Services.Core.Tests.csproj", "{D52DFAF4-A0DD-4926-BF8E-BF67B0A9A5C5}"
EndProject
Project("{9A19103F-16F7-4668-BE54-9A1E7A4F7556}") = "SnInitialDataGenerator", "Tools\SnInitialDataGenerator\SnInitialDataGenerator.csproj", "{7FA30B8F-0BB0-4A08-B0E1-6AA8D5CCC54A}"
EndProject
Project("{FAE04EC0-301F-11D3-BF4B-00C04F79EFBC}") = "SnInitialDataGenerator.Tests", "Tests\SnInitialDataGenerator.Tests\SnInitialDataGenerator.Tests.csproj", "{2B625502-0E67-46E0-904D-CD11B7B2DE93}"
EndProject
Global
	GlobalSection(SolutionConfigurationPlatforms) = preSolution
		Debug|Any CPU = Debug|Any CPU
		Debug|Mixed Platforms = Debug|Mixed Platforms
		Debug|x64 = Debug|x64
		Debug|x86 = Debug|x86
		Release|Any CPU = Release|Any CPU
		Release|Mixed Platforms = Release|Mixed Platforms
		Release|x64 = Release|x64
		Release|x86 = Release|x86
	EndGlobalSection
	GlobalSection(ProjectConfigurationPlatforms) = postSolution
		{786E6165-CA02-45A9-BF58-207A45D7D6DF}.Debug|Any CPU.ActiveCfg = Debug|Any CPU
		{786E6165-CA02-45A9-BF58-207A45D7D6DF}.Debug|Any CPU.Build.0 = Debug|Any CPU
		{786E6165-CA02-45A9-BF58-207A45D7D6DF}.Debug|Mixed Platforms.ActiveCfg = Debug|Any CPU
		{786E6165-CA02-45A9-BF58-207A45D7D6DF}.Debug|Mixed Platforms.Build.0 = Debug|Any CPU
		{786E6165-CA02-45A9-BF58-207A45D7D6DF}.Debug|x64.ActiveCfg = Debug|Any CPU
		{786E6165-CA02-45A9-BF58-207A45D7D6DF}.Debug|x86.ActiveCfg = Debug|Any CPU
		{786E6165-CA02-45A9-BF58-207A45D7D6DF}.Release|Any CPU.ActiveCfg = Release|Any CPU
		{786E6165-CA02-45A9-BF58-207A45D7D6DF}.Release|Any CPU.Build.0 = Release|Any CPU
		{786E6165-CA02-45A9-BF58-207A45D7D6DF}.Release|Mixed Platforms.ActiveCfg = Release|Any CPU
		{786E6165-CA02-45A9-BF58-207A45D7D6DF}.Release|Mixed Platforms.Build.0 = Release|Any CPU
		{786E6165-CA02-45A9-BF58-207A45D7D6DF}.Release|x64.ActiveCfg = Release|Any CPU
		{786E6165-CA02-45A9-BF58-207A45D7D6DF}.Release|x86.ActiveCfg = Release|Any CPU
		{5DB4DDBA-81F6-4D81-943A-18F3178B3355}.Debug|Any CPU.ActiveCfg = Debug|Any CPU
		{5DB4DDBA-81F6-4D81-943A-18F3178B3355}.Debug|Any CPU.Build.0 = Debug|Any CPU
		{5DB4DDBA-81F6-4D81-943A-18F3178B3355}.Debug|Mixed Platforms.ActiveCfg = Debug|Any CPU
		{5DB4DDBA-81F6-4D81-943A-18F3178B3355}.Debug|Mixed Platforms.Build.0 = Debug|Any CPU
		{5DB4DDBA-81F6-4D81-943A-18F3178B3355}.Debug|x64.ActiveCfg = Debug|Any CPU
		{5DB4DDBA-81F6-4D81-943A-18F3178B3355}.Debug|x86.ActiveCfg = Debug|Any CPU
		{5DB4DDBA-81F6-4D81-943A-18F3178B3355}.Release|Any CPU.ActiveCfg = Release|Any CPU
		{5DB4DDBA-81F6-4D81-943A-18F3178B3355}.Release|Any CPU.Build.0 = Release|Any CPU
		{5DB4DDBA-81F6-4D81-943A-18F3178B3355}.Release|Mixed Platforms.ActiveCfg = Release|Any CPU
		{5DB4DDBA-81F6-4D81-943A-18F3178B3355}.Release|Mixed Platforms.Build.0 = Release|Any CPU
		{5DB4DDBA-81F6-4D81-943A-18F3178B3355}.Release|x64.ActiveCfg = Release|Any CPU
		{5DB4DDBA-81F6-4D81-943A-18F3178B3355}.Release|x86.ActiveCfg = Release|Any CPU
		{B72529C8-FEB1-49F5-B08B-56055B58F296}.Debug|Any CPU.ActiveCfg = Debug|Any CPU
		{B72529C8-FEB1-49F5-B08B-56055B58F296}.Debug|Any CPU.Build.0 = Debug|Any CPU
		{B72529C8-FEB1-49F5-B08B-56055B58F296}.Debug|Mixed Platforms.ActiveCfg = Debug|Any CPU
		{B72529C8-FEB1-49F5-B08B-56055B58F296}.Debug|Mixed Platforms.Build.0 = Debug|Any CPU
		{B72529C8-FEB1-49F5-B08B-56055B58F296}.Debug|x64.ActiveCfg = Debug|Any CPU
		{B72529C8-FEB1-49F5-B08B-56055B58F296}.Debug|x86.ActiveCfg = Debug|Any CPU
		{B72529C8-FEB1-49F5-B08B-56055B58F296}.Release|Any CPU.ActiveCfg = Release|Any CPU
		{B72529C8-FEB1-49F5-B08B-56055B58F296}.Release|Any CPU.Build.0 = Release|Any CPU
		{B72529C8-FEB1-49F5-B08B-56055B58F296}.Release|Mixed Platforms.ActiveCfg = Release|Any CPU
		{B72529C8-FEB1-49F5-B08B-56055B58F296}.Release|Mixed Platforms.Build.0 = Release|Any CPU
		{B72529C8-FEB1-49F5-B08B-56055B58F296}.Release|x64.ActiveCfg = Release|Any CPU
		{B72529C8-FEB1-49F5-B08B-56055B58F296}.Release|x86.ActiveCfg = Release|Any CPU
		{891B1FD9-CA73-4129-8D1D-D6663F01866C}.Debug|Any CPU.ActiveCfg = Debug|Any CPU
		{891B1FD9-CA73-4129-8D1D-D6663F01866C}.Debug|Any CPU.Build.0 = Debug|Any CPU
		{891B1FD9-CA73-4129-8D1D-D6663F01866C}.Debug|Mixed Platforms.ActiveCfg = Debug|Any CPU
		{891B1FD9-CA73-4129-8D1D-D6663F01866C}.Debug|Mixed Platforms.Build.0 = Debug|Any CPU
		{891B1FD9-CA73-4129-8D1D-D6663F01866C}.Debug|x64.ActiveCfg = Debug|Any CPU
		{891B1FD9-CA73-4129-8D1D-D6663F01866C}.Debug|x86.ActiveCfg = Debug|Any CPU
		{891B1FD9-CA73-4129-8D1D-D6663F01866C}.Release|Any CPU.ActiveCfg = Release|Any CPU
		{891B1FD9-CA73-4129-8D1D-D6663F01866C}.Release|Any CPU.Build.0 = Release|Any CPU
		{891B1FD9-CA73-4129-8D1D-D6663F01866C}.Release|Mixed Platforms.ActiveCfg = Release|Any CPU
		{891B1FD9-CA73-4129-8D1D-D6663F01866C}.Release|Mixed Platforms.Build.0 = Release|Any CPU
		{891B1FD9-CA73-4129-8D1D-D6663F01866C}.Release|x64.ActiveCfg = Release|Any CPU
		{891B1FD9-CA73-4129-8D1D-D6663F01866C}.Release|x86.ActiveCfg = Release|Any CPU
		{A453E920-29C0-45CD-984C-0D8E3631B1E3}.Debug|Any CPU.ActiveCfg = Debug|Any CPU
		{A453E920-29C0-45CD-984C-0D8E3631B1E3}.Debug|Any CPU.Build.0 = Debug|Any CPU
		{A453E920-29C0-45CD-984C-0D8E3631B1E3}.Debug|Mixed Platforms.ActiveCfg = Debug|Any CPU
		{A453E920-29C0-45CD-984C-0D8E3631B1E3}.Debug|Mixed Platforms.Build.0 = Debug|Any CPU
		{A453E920-29C0-45CD-984C-0D8E3631B1E3}.Debug|x64.ActiveCfg = Debug|Any CPU
		{A453E920-29C0-45CD-984C-0D8E3631B1E3}.Debug|x64.Build.0 = Debug|Any CPU
		{A453E920-29C0-45CD-984C-0D8E3631B1E3}.Debug|x86.ActiveCfg = Debug|Any CPU
		{A453E920-29C0-45CD-984C-0D8E3631B1E3}.Debug|x86.Build.0 = Debug|Any CPU
		{A453E920-29C0-45CD-984C-0D8E3631B1E3}.Release|Any CPU.ActiveCfg = Release|Any CPU
		{A453E920-29C0-45CD-984C-0D8E3631B1E3}.Release|Any CPU.Build.0 = Release|Any CPU
		{A453E920-29C0-45CD-984C-0D8E3631B1E3}.Release|Mixed Platforms.ActiveCfg = Release|Any CPU
		{A453E920-29C0-45CD-984C-0D8E3631B1E3}.Release|Mixed Platforms.Build.0 = Release|Any CPU
		{A453E920-29C0-45CD-984C-0D8E3631B1E3}.Release|x64.ActiveCfg = Release|Any CPU
		{A453E920-29C0-45CD-984C-0D8E3631B1E3}.Release|x64.Build.0 = Release|Any CPU
		{A453E920-29C0-45CD-984C-0D8E3631B1E3}.Release|x86.ActiveCfg = Release|Any CPU
		{A453E920-29C0-45CD-984C-0D8E3631B1E3}.Release|x86.Build.0 = Release|Any CPU
		{78FEBD73-8BC4-45B9-9B31-D512E1AFAD60}.Debug|Any CPU.ActiveCfg = Debug|Any CPU
		{78FEBD73-8BC4-45B9-9B31-D512E1AFAD60}.Debug|Any CPU.Build.0 = Debug|Any CPU
		{78FEBD73-8BC4-45B9-9B31-D512E1AFAD60}.Debug|Mixed Platforms.ActiveCfg = Debug|Any CPU
		{78FEBD73-8BC4-45B9-9B31-D512E1AFAD60}.Debug|Mixed Platforms.Build.0 = Debug|Any CPU
		{78FEBD73-8BC4-45B9-9B31-D512E1AFAD60}.Debug|x64.ActiveCfg = Debug|Any CPU
		{78FEBD73-8BC4-45B9-9B31-D512E1AFAD60}.Debug|x64.Build.0 = Debug|Any CPU
		{78FEBD73-8BC4-45B9-9B31-D512E1AFAD60}.Debug|x86.ActiveCfg = Debug|Any CPU
		{78FEBD73-8BC4-45B9-9B31-D512E1AFAD60}.Debug|x86.Build.0 = Debug|Any CPU
		{78FEBD73-8BC4-45B9-9B31-D512E1AFAD60}.Release|Any CPU.ActiveCfg = Release|Any CPU
		{78FEBD73-8BC4-45B9-9B31-D512E1AFAD60}.Release|Any CPU.Build.0 = Release|Any CPU
		{78FEBD73-8BC4-45B9-9B31-D512E1AFAD60}.Release|Mixed Platforms.ActiveCfg = Release|Any CPU
		{78FEBD73-8BC4-45B9-9B31-D512E1AFAD60}.Release|Mixed Platforms.Build.0 = Release|Any CPU
		{78FEBD73-8BC4-45B9-9B31-D512E1AFAD60}.Release|x64.ActiveCfg = Release|Any CPU
		{78FEBD73-8BC4-45B9-9B31-D512E1AFAD60}.Release|x64.Build.0 = Release|Any CPU
		{78FEBD73-8BC4-45B9-9B31-D512E1AFAD60}.Release|x86.ActiveCfg = Release|Any CPU
		{78FEBD73-8BC4-45B9-9B31-D512E1AFAD60}.Release|x86.Build.0 = Release|Any CPU
		{CF157DCB-B973-42B4-948A-F6643EB6216D}.Debug|Any CPU.ActiveCfg = Debug|Any CPU
		{CF157DCB-B973-42B4-948A-F6643EB6216D}.Debug|Any CPU.Build.0 = Debug|Any CPU
		{CF157DCB-B973-42B4-948A-F6643EB6216D}.Debug|Mixed Platforms.ActiveCfg = Debug|Any CPU
		{CF157DCB-B973-42B4-948A-F6643EB6216D}.Debug|Mixed Platforms.Build.0 = Debug|Any CPU
		{CF157DCB-B973-42B4-948A-F6643EB6216D}.Debug|x64.ActiveCfg = Debug|Any CPU
		{CF157DCB-B973-42B4-948A-F6643EB6216D}.Debug|x64.Build.0 = Debug|Any CPU
		{CF157DCB-B973-42B4-948A-F6643EB6216D}.Debug|x86.ActiveCfg = Debug|Any CPU
		{CF157DCB-B973-42B4-948A-F6643EB6216D}.Debug|x86.Build.0 = Debug|Any CPU
		{CF157DCB-B973-42B4-948A-F6643EB6216D}.Release|Any CPU.ActiveCfg = Release|Any CPU
		{CF157DCB-B973-42B4-948A-F6643EB6216D}.Release|Any CPU.Build.0 = Release|Any CPU
		{CF157DCB-B973-42B4-948A-F6643EB6216D}.Release|Mixed Platforms.ActiveCfg = Release|Any CPU
		{CF157DCB-B973-42B4-948A-F6643EB6216D}.Release|Mixed Platforms.Build.0 = Release|Any CPU
		{CF157DCB-B973-42B4-948A-F6643EB6216D}.Release|x64.ActiveCfg = Release|Any CPU
		{CF157DCB-B973-42B4-948A-F6643EB6216D}.Release|x64.Build.0 = Release|Any CPU
		{CF157DCB-B973-42B4-948A-F6643EB6216D}.Release|x86.ActiveCfg = Release|Any CPU
		{CF157DCB-B973-42B4-948A-F6643EB6216D}.Release|x86.Build.0 = Release|Any CPU
		{AFCB7986-73C5-4DEA-897B-46EC1D124965}.Debug|Any CPU.ActiveCfg = Debug|Any CPU
		{AFCB7986-73C5-4DEA-897B-46EC1D124965}.Debug|Any CPU.Build.0 = Debug|Any CPU
		{AFCB7986-73C5-4DEA-897B-46EC1D124965}.Debug|Mixed Platforms.ActiveCfg = Debug|Any CPU
		{AFCB7986-73C5-4DEA-897B-46EC1D124965}.Debug|Mixed Platforms.Build.0 = Debug|Any CPU
		{AFCB7986-73C5-4DEA-897B-46EC1D124965}.Debug|x64.ActiveCfg = Debug|Any CPU
		{AFCB7986-73C5-4DEA-897B-46EC1D124965}.Debug|x64.Build.0 = Debug|Any CPU
		{AFCB7986-73C5-4DEA-897B-46EC1D124965}.Debug|x86.ActiveCfg = Debug|Any CPU
		{AFCB7986-73C5-4DEA-897B-46EC1D124965}.Debug|x86.Build.0 = Debug|Any CPU
		{AFCB7986-73C5-4DEA-897B-46EC1D124965}.Release|Any CPU.ActiveCfg = Release|Any CPU
		{AFCB7986-73C5-4DEA-897B-46EC1D124965}.Release|Any CPU.Build.0 = Release|Any CPU
		{AFCB7986-73C5-4DEA-897B-46EC1D124965}.Release|Mixed Platforms.ActiveCfg = Release|Any CPU
		{AFCB7986-73C5-4DEA-897B-46EC1D124965}.Release|Mixed Platforms.Build.0 = Release|Any CPU
		{AFCB7986-73C5-4DEA-897B-46EC1D124965}.Release|x64.ActiveCfg = Release|Any CPU
		{AFCB7986-73C5-4DEA-897B-46EC1D124965}.Release|x64.Build.0 = Release|Any CPU
		{AFCB7986-73C5-4DEA-897B-46EC1D124965}.Release|x86.ActiveCfg = Release|Any CPU
		{AFCB7986-73C5-4DEA-897B-46EC1D124965}.Release|x86.Build.0 = Release|Any CPU
		{0279705B-779D-485D-86B9-F7AB3DD1F2C3}.Debug|Any CPU.ActiveCfg = Debug|Any CPU
		{0279705B-779D-485D-86B9-F7AB3DD1F2C3}.Debug|Any CPU.Build.0 = Debug|Any CPU
		{0279705B-779D-485D-86B9-F7AB3DD1F2C3}.Debug|Mixed Platforms.ActiveCfg = Debug|Any CPU
		{0279705B-779D-485D-86B9-F7AB3DD1F2C3}.Debug|Mixed Platforms.Build.0 = Debug|Any CPU
		{0279705B-779D-485D-86B9-F7AB3DD1F2C3}.Debug|x64.ActiveCfg = Debug|Any CPU
		{0279705B-779D-485D-86B9-F7AB3DD1F2C3}.Debug|x64.Build.0 = Debug|Any CPU
		{0279705B-779D-485D-86B9-F7AB3DD1F2C3}.Debug|x86.ActiveCfg = Debug|Any CPU
		{0279705B-779D-485D-86B9-F7AB3DD1F2C3}.Debug|x86.Build.0 = Debug|Any CPU
		{0279705B-779D-485D-86B9-F7AB3DD1F2C3}.Release|Any CPU.ActiveCfg = Release|Any CPU
		{0279705B-779D-485D-86B9-F7AB3DD1F2C3}.Release|Any CPU.Build.0 = Release|Any CPU
		{0279705B-779D-485D-86B9-F7AB3DD1F2C3}.Release|Mixed Platforms.ActiveCfg = Release|Any CPU
		{0279705B-779D-485D-86B9-F7AB3DD1F2C3}.Release|Mixed Platforms.Build.0 = Release|Any CPU
		{0279705B-779D-485D-86B9-F7AB3DD1F2C3}.Release|x64.ActiveCfg = Release|Any CPU
		{0279705B-779D-485D-86B9-F7AB3DD1F2C3}.Release|x64.Build.0 = Release|Any CPU
		{0279705B-779D-485D-86B9-F7AB3DD1F2C3}.Release|x86.ActiveCfg = Release|Any CPU
		{0279705B-779D-485D-86B9-F7AB3DD1F2C3}.Release|x86.Build.0 = Release|Any CPU
		{87F754D3-F098-49A3-975E-82F02B575E7C}.Debug|Any CPU.ActiveCfg = Debug|Any CPU
		{87F754D3-F098-49A3-975E-82F02B575E7C}.Debug|Any CPU.Build.0 = Debug|Any CPU
		{87F754D3-F098-49A3-975E-82F02B575E7C}.Debug|Mixed Platforms.ActiveCfg = Debug|Any CPU
		{87F754D3-F098-49A3-975E-82F02B575E7C}.Debug|Mixed Platforms.Build.0 = Debug|Any CPU
		{87F754D3-F098-49A3-975E-82F02B575E7C}.Debug|x64.ActiveCfg = Debug|Any CPU
		{87F754D3-F098-49A3-975E-82F02B575E7C}.Debug|x64.Build.0 = Debug|Any CPU
		{87F754D3-F098-49A3-975E-82F02B575E7C}.Debug|x86.ActiveCfg = Debug|Any CPU
		{87F754D3-F098-49A3-975E-82F02B575E7C}.Debug|x86.Build.0 = Debug|Any CPU
		{87F754D3-F098-49A3-975E-82F02B575E7C}.Release|Any CPU.ActiveCfg = Release|Any CPU
		{87F754D3-F098-49A3-975E-82F02B575E7C}.Release|Any CPU.Build.0 = Release|Any CPU
		{87F754D3-F098-49A3-975E-82F02B575E7C}.Release|Mixed Platforms.ActiveCfg = Release|Any CPU
		{87F754D3-F098-49A3-975E-82F02B575E7C}.Release|Mixed Platforms.Build.0 = Release|Any CPU
		{87F754D3-F098-49A3-975E-82F02B575E7C}.Release|x64.ActiveCfg = Release|Any CPU
		{87F754D3-F098-49A3-975E-82F02B575E7C}.Release|x64.Build.0 = Release|Any CPU
		{87F754D3-F098-49A3-975E-82F02B575E7C}.Release|x86.ActiveCfg = Release|Any CPU
		{87F754D3-F098-49A3-975E-82F02B575E7C}.Release|x86.Build.0 = Release|Any CPU
		{A0909E8F-E039-4080-A259-676CFD38CCD1}.Debug|Any CPU.ActiveCfg = Debug|Any CPU
		{A0909E8F-E039-4080-A259-676CFD38CCD1}.Debug|Any CPU.Build.0 = Debug|Any CPU
		{A0909E8F-E039-4080-A259-676CFD38CCD1}.Debug|Mixed Platforms.ActiveCfg = Debug|Any CPU
		{A0909E8F-E039-4080-A259-676CFD38CCD1}.Debug|Mixed Platforms.Build.0 = Debug|Any CPU
		{A0909E8F-E039-4080-A259-676CFD38CCD1}.Debug|x64.ActiveCfg = Debug|Any CPU
		{A0909E8F-E039-4080-A259-676CFD38CCD1}.Debug|x64.Build.0 = Debug|Any CPU
		{A0909E8F-E039-4080-A259-676CFD38CCD1}.Debug|x86.ActiveCfg = Debug|Any CPU
		{A0909E8F-E039-4080-A259-676CFD38CCD1}.Debug|x86.Build.0 = Debug|Any CPU
		{A0909E8F-E039-4080-A259-676CFD38CCD1}.Release|Any CPU.ActiveCfg = Release|Any CPU
		{A0909E8F-E039-4080-A259-676CFD38CCD1}.Release|Any CPU.Build.0 = Release|Any CPU
		{A0909E8F-E039-4080-A259-676CFD38CCD1}.Release|Mixed Platforms.ActiveCfg = Release|Any CPU
		{A0909E8F-E039-4080-A259-676CFD38CCD1}.Release|Mixed Platforms.Build.0 = Release|Any CPU
		{A0909E8F-E039-4080-A259-676CFD38CCD1}.Release|x64.ActiveCfg = Release|Any CPU
		{A0909E8F-E039-4080-A259-676CFD38CCD1}.Release|x64.Build.0 = Release|Any CPU
		{A0909E8F-E039-4080-A259-676CFD38CCD1}.Release|x86.ActiveCfg = Release|Any CPU
		{A0909E8F-E039-4080-A259-676CFD38CCD1}.Release|x86.Build.0 = Release|Any CPU
		{1CF177B1-BCF9-4634-AD71-9DC6D0E58AB7}.Debug|Any CPU.ActiveCfg = Debug|Any CPU
		{1CF177B1-BCF9-4634-AD71-9DC6D0E58AB7}.Debug|Any CPU.Build.0 = Debug|Any CPU
		{1CF177B1-BCF9-4634-AD71-9DC6D0E58AB7}.Debug|Mixed Platforms.ActiveCfg = Debug|Any CPU
		{1CF177B1-BCF9-4634-AD71-9DC6D0E58AB7}.Debug|Mixed Platforms.Build.0 = Debug|Any CPU
		{1CF177B1-BCF9-4634-AD71-9DC6D0E58AB7}.Debug|x64.ActiveCfg = Debug|Any CPU
		{1CF177B1-BCF9-4634-AD71-9DC6D0E58AB7}.Debug|x64.Build.0 = Debug|Any CPU
		{1CF177B1-BCF9-4634-AD71-9DC6D0E58AB7}.Debug|x86.ActiveCfg = Debug|Any CPU
		{1CF177B1-BCF9-4634-AD71-9DC6D0E58AB7}.Debug|x86.Build.0 = Debug|Any CPU
		{1CF177B1-BCF9-4634-AD71-9DC6D0E58AB7}.Release|Any CPU.ActiveCfg = Release|Any CPU
		{1CF177B1-BCF9-4634-AD71-9DC6D0E58AB7}.Release|Any CPU.Build.0 = Release|Any CPU
		{1CF177B1-BCF9-4634-AD71-9DC6D0E58AB7}.Release|Mixed Platforms.ActiveCfg = Release|Any CPU
		{1CF177B1-BCF9-4634-AD71-9DC6D0E58AB7}.Release|Mixed Platforms.Build.0 = Release|Any CPU
		{1CF177B1-BCF9-4634-AD71-9DC6D0E58AB7}.Release|x64.ActiveCfg = Release|Any CPU
		{1CF177B1-BCF9-4634-AD71-9DC6D0E58AB7}.Release|x64.Build.0 = Release|Any CPU
		{1CF177B1-BCF9-4634-AD71-9DC6D0E58AB7}.Release|x86.ActiveCfg = Release|Any CPU
		{1CF177B1-BCF9-4634-AD71-9DC6D0E58AB7}.Release|x86.Build.0 = Release|Any CPU
		{4FB57308-8B47-4232-A97B-0E784A2DCD49}.Debug|Any CPU.ActiveCfg = Debug|Any CPU
		{4FB57308-8B47-4232-A97B-0E784A2DCD49}.Debug|Any CPU.Build.0 = Debug|Any CPU
		{4FB57308-8B47-4232-A97B-0E784A2DCD49}.Debug|Mixed Platforms.ActiveCfg = Debug|Any CPU
		{4FB57308-8B47-4232-A97B-0E784A2DCD49}.Debug|Mixed Platforms.Build.0 = Debug|Any CPU
		{4FB57308-8B47-4232-A97B-0E784A2DCD49}.Debug|x64.ActiveCfg = Debug|Any CPU
		{4FB57308-8B47-4232-A97B-0E784A2DCD49}.Debug|x64.Build.0 = Debug|Any CPU
		{4FB57308-8B47-4232-A97B-0E784A2DCD49}.Debug|x86.ActiveCfg = Debug|Any CPU
		{4FB57308-8B47-4232-A97B-0E784A2DCD49}.Debug|x86.Build.0 = Debug|Any CPU
		{4FB57308-8B47-4232-A97B-0E784A2DCD49}.Release|Any CPU.ActiveCfg = Release|Any CPU
		{4FB57308-8B47-4232-A97B-0E784A2DCD49}.Release|Any CPU.Build.0 = Release|Any CPU
		{4FB57308-8B47-4232-A97B-0E784A2DCD49}.Release|Mixed Platforms.ActiveCfg = Release|Any CPU
		{4FB57308-8B47-4232-A97B-0E784A2DCD49}.Release|Mixed Platforms.Build.0 = Release|Any CPU
		{4FB57308-8B47-4232-A97B-0E784A2DCD49}.Release|x64.ActiveCfg = Release|Any CPU
		{4FB57308-8B47-4232-A97B-0E784A2DCD49}.Release|x64.Build.0 = Release|Any CPU
		{4FB57308-8B47-4232-A97B-0E784A2DCD49}.Release|x86.ActiveCfg = Release|Any CPU
		{4FB57308-8B47-4232-A97B-0E784A2DCD49}.Release|x86.Build.0 = Release|Any CPU
		{6B711835-9172-4F07-9FC3-BA79C7DFA916}.Debug|Any CPU.ActiveCfg = Debug|Any CPU
		{6B711835-9172-4F07-9FC3-BA79C7DFA916}.Debug|Any CPU.Build.0 = Debug|Any CPU
		{6B711835-9172-4F07-9FC3-BA79C7DFA916}.Debug|Mixed Platforms.ActiveCfg = Debug|Any CPU
		{6B711835-9172-4F07-9FC3-BA79C7DFA916}.Debug|Mixed Platforms.Build.0 = Debug|Any CPU
		{6B711835-9172-4F07-9FC3-BA79C7DFA916}.Debug|x64.ActiveCfg = Debug|Any CPU
		{6B711835-9172-4F07-9FC3-BA79C7DFA916}.Debug|x64.Build.0 = Debug|Any CPU
		{6B711835-9172-4F07-9FC3-BA79C7DFA916}.Debug|x86.ActiveCfg = Debug|Any CPU
		{6B711835-9172-4F07-9FC3-BA79C7DFA916}.Debug|x86.Build.0 = Debug|Any CPU
		{6B711835-9172-4F07-9FC3-BA79C7DFA916}.Release|Any CPU.ActiveCfg = Release|Any CPU
		{6B711835-9172-4F07-9FC3-BA79C7DFA916}.Release|Any CPU.Build.0 = Release|Any CPU
		{6B711835-9172-4F07-9FC3-BA79C7DFA916}.Release|Mixed Platforms.ActiveCfg = Release|Any CPU
		{6B711835-9172-4F07-9FC3-BA79C7DFA916}.Release|Mixed Platforms.Build.0 = Release|Any CPU
		{6B711835-9172-4F07-9FC3-BA79C7DFA916}.Release|x64.ActiveCfg = Release|Any CPU
		{6B711835-9172-4F07-9FC3-BA79C7DFA916}.Release|x64.Build.0 = Release|Any CPU
		{6B711835-9172-4F07-9FC3-BA79C7DFA916}.Release|x86.ActiveCfg = Release|Any CPU
		{6B711835-9172-4F07-9FC3-BA79C7DFA916}.Release|x86.Build.0 = Release|Any CPU
		{43E6E75C-2410-464D-B7D6-36F8ACF85A17}.Debug|Any CPU.ActiveCfg = Debug|Any CPU
		{43E6E75C-2410-464D-B7D6-36F8ACF85A17}.Debug|Any CPU.Build.0 = Debug|Any CPU
		{43E6E75C-2410-464D-B7D6-36F8ACF85A17}.Debug|Mixed Platforms.ActiveCfg = Debug|Any CPU
		{43E6E75C-2410-464D-B7D6-36F8ACF85A17}.Debug|Mixed Platforms.Build.0 = Debug|Any CPU
		{43E6E75C-2410-464D-B7D6-36F8ACF85A17}.Debug|x64.ActiveCfg = Debug|Any CPU
		{43E6E75C-2410-464D-B7D6-36F8ACF85A17}.Debug|x64.Build.0 = Debug|Any CPU
		{43E6E75C-2410-464D-B7D6-36F8ACF85A17}.Debug|x86.ActiveCfg = Debug|Any CPU
		{43E6E75C-2410-464D-B7D6-36F8ACF85A17}.Debug|x86.Build.0 = Debug|Any CPU
		{43E6E75C-2410-464D-B7D6-36F8ACF85A17}.Release|Any CPU.ActiveCfg = Release|Any CPU
		{43E6E75C-2410-464D-B7D6-36F8ACF85A17}.Release|Any CPU.Build.0 = Release|Any CPU
		{43E6E75C-2410-464D-B7D6-36F8ACF85A17}.Release|Mixed Platforms.ActiveCfg = Release|Any CPU
		{43E6E75C-2410-464D-B7D6-36F8ACF85A17}.Release|Mixed Platforms.Build.0 = Release|Any CPU
		{43E6E75C-2410-464D-B7D6-36F8ACF85A17}.Release|x64.ActiveCfg = Release|Any CPU
		{43E6E75C-2410-464D-B7D6-36F8ACF85A17}.Release|x64.Build.0 = Release|Any CPU
		{43E6E75C-2410-464D-B7D6-36F8ACF85A17}.Release|x86.ActiveCfg = Release|Any CPU
		{43E6E75C-2410-464D-B7D6-36F8ACF85A17}.Release|x86.Build.0 = Release|Any CPU
		{0CB6D0A8-A477-4382-9F5A-C5BEBD2648AA}.Debug|Any CPU.ActiveCfg = Debug|Any CPU
		{0CB6D0A8-A477-4382-9F5A-C5BEBD2648AA}.Debug|Any CPU.Build.0 = Debug|Any CPU
		{0CB6D0A8-A477-4382-9F5A-C5BEBD2648AA}.Debug|Mixed Platforms.ActiveCfg = Debug|Any CPU
		{0CB6D0A8-A477-4382-9F5A-C5BEBD2648AA}.Debug|Mixed Platforms.Build.0 = Debug|Any CPU
		{0CB6D0A8-A477-4382-9F5A-C5BEBD2648AA}.Debug|x64.ActiveCfg = Debug|Any CPU
		{0CB6D0A8-A477-4382-9F5A-C5BEBD2648AA}.Debug|x64.Build.0 = Debug|Any CPU
		{0CB6D0A8-A477-4382-9F5A-C5BEBD2648AA}.Debug|x86.ActiveCfg = Debug|Any CPU
		{0CB6D0A8-A477-4382-9F5A-C5BEBD2648AA}.Debug|x86.Build.0 = Debug|Any CPU
		{0CB6D0A8-A477-4382-9F5A-C5BEBD2648AA}.Release|Any CPU.ActiveCfg = Release|Any CPU
		{0CB6D0A8-A477-4382-9F5A-C5BEBD2648AA}.Release|Any CPU.Build.0 = Release|Any CPU
		{0CB6D0A8-A477-4382-9F5A-C5BEBD2648AA}.Release|Mixed Platforms.ActiveCfg = Release|Any CPU
		{0CB6D0A8-A477-4382-9F5A-C5BEBD2648AA}.Release|Mixed Platforms.Build.0 = Release|Any CPU
		{0CB6D0A8-A477-4382-9F5A-C5BEBD2648AA}.Release|x64.ActiveCfg = Release|Any CPU
		{0CB6D0A8-A477-4382-9F5A-C5BEBD2648AA}.Release|x64.Build.0 = Release|Any CPU
		{0CB6D0A8-A477-4382-9F5A-C5BEBD2648AA}.Release|x86.ActiveCfg = Release|Any CPU
		{0CB6D0A8-A477-4382-9F5A-C5BEBD2648AA}.Release|x86.Build.0 = Release|Any CPU
		{C250C071-6ACD-42E0-9FFC-63283AFB8C6C}.Debug|Any CPU.ActiveCfg = Debug|Any CPU
		{C250C071-6ACD-42E0-9FFC-63283AFB8C6C}.Debug|Any CPU.Build.0 = Debug|Any CPU
		{C250C071-6ACD-42E0-9FFC-63283AFB8C6C}.Debug|Mixed Platforms.ActiveCfg = Debug|Any CPU
		{C250C071-6ACD-42E0-9FFC-63283AFB8C6C}.Debug|Mixed Platforms.Build.0 = Debug|Any CPU
		{C250C071-6ACD-42E0-9FFC-63283AFB8C6C}.Debug|x64.ActiveCfg = Debug|Any CPU
		{C250C071-6ACD-42E0-9FFC-63283AFB8C6C}.Debug|x64.Build.0 = Debug|Any CPU
		{C250C071-6ACD-42E0-9FFC-63283AFB8C6C}.Debug|x86.ActiveCfg = Debug|Any CPU
		{C250C071-6ACD-42E0-9FFC-63283AFB8C6C}.Debug|x86.Build.0 = Debug|Any CPU
		{C250C071-6ACD-42E0-9FFC-63283AFB8C6C}.Release|Any CPU.ActiveCfg = Release|Any CPU
		{C250C071-6ACD-42E0-9FFC-63283AFB8C6C}.Release|Any CPU.Build.0 = Release|Any CPU
		{C250C071-6ACD-42E0-9FFC-63283AFB8C6C}.Release|Mixed Platforms.ActiveCfg = Release|Any CPU
		{C250C071-6ACD-42E0-9FFC-63283AFB8C6C}.Release|Mixed Platforms.Build.0 = Release|Any CPU
		{C250C071-6ACD-42E0-9FFC-63283AFB8C6C}.Release|x64.ActiveCfg = Release|Any CPU
		{C250C071-6ACD-42E0-9FFC-63283AFB8C6C}.Release|x64.Build.0 = Release|Any CPU
		{C250C071-6ACD-42E0-9FFC-63283AFB8C6C}.Release|x86.ActiveCfg = Release|Any CPU
		{C250C071-6ACD-42E0-9FFC-63283AFB8C6C}.Release|x86.Build.0 = Release|Any CPU
		{F934DA68-BAF1-4DA4-B09B-B018EF44E8AC}.Debug|Any CPU.ActiveCfg = Debug|Any CPU
		{F934DA68-BAF1-4DA4-B09B-B018EF44E8AC}.Debug|Any CPU.Build.0 = Debug|Any CPU
		{F934DA68-BAF1-4DA4-B09B-B018EF44E8AC}.Debug|Mixed Platforms.ActiveCfg = Debug|Any CPU
		{F934DA68-BAF1-4DA4-B09B-B018EF44E8AC}.Debug|Mixed Platforms.Build.0 = Debug|Any CPU
		{F934DA68-BAF1-4DA4-B09B-B018EF44E8AC}.Debug|x64.ActiveCfg = Debug|Any CPU
		{F934DA68-BAF1-4DA4-B09B-B018EF44E8AC}.Debug|x64.Build.0 = Debug|Any CPU
		{F934DA68-BAF1-4DA4-B09B-B018EF44E8AC}.Debug|x86.ActiveCfg = Debug|Any CPU
		{F934DA68-BAF1-4DA4-B09B-B018EF44E8AC}.Debug|x86.Build.0 = Debug|Any CPU
		{F934DA68-BAF1-4DA4-B09B-B018EF44E8AC}.Release|Any CPU.ActiveCfg = Release|Any CPU
		{F934DA68-BAF1-4DA4-B09B-B018EF44E8AC}.Release|Any CPU.Build.0 = Release|Any CPU
		{F934DA68-BAF1-4DA4-B09B-B018EF44E8AC}.Release|Mixed Platforms.ActiveCfg = Release|Any CPU
		{F934DA68-BAF1-4DA4-B09B-B018EF44E8AC}.Release|Mixed Platforms.Build.0 = Release|Any CPU
		{F934DA68-BAF1-4DA4-B09B-B018EF44E8AC}.Release|x64.ActiveCfg = Release|Any CPU
		{F934DA68-BAF1-4DA4-B09B-B018EF44E8AC}.Release|x64.Build.0 = Release|Any CPU
		{F934DA68-BAF1-4DA4-B09B-B018EF44E8AC}.Release|x86.ActiveCfg = Release|Any CPU
		{F934DA68-BAF1-4DA4-B09B-B018EF44E8AC}.Release|x86.Build.0 = Release|Any CPU
		{67EC265E-A47C-4939-AAD3-A405EEC062F9}.Debug|Any CPU.ActiveCfg = Debug|Any CPU
		{67EC265E-A47C-4939-AAD3-A405EEC062F9}.Debug|Any CPU.Build.0 = Debug|Any CPU
		{67EC265E-A47C-4939-AAD3-A405EEC062F9}.Debug|Mixed Platforms.ActiveCfg = Debug|Any CPU
		{67EC265E-A47C-4939-AAD3-A405EEC062F9}.Debug|Mixed Platforms.Build.0 = Debug|Any CPU
		{67EC265E-A47C-4939-AAD3-A405EEC062F9}.Debug|x64.ActiveCfg = Debug|Any CPU
		{67EC265E-A47C-4939-AAD3-A405EEC062F9}.Debug|x64.Build.0 = Debug|Any CPU
		{67EC265E-A47C-4939-AAD3-A405EEC062F9}.Debug|x86.ActiveCfg = Debug|Any CPU
		{67EC265E-A47C-4939-AAD3-A405EEC062F9}.Debug|x86.Build.0 = Debug|Any CPU
		{67EC265E-A47C-4939-AAD3-A405EEC062F9}.Release|Any CPU.ActiveCfg = Release|Any CPU
		{67EC265E-A47C-4939-AAD3-A405EEC062F9}.Release|Any CPU.Build.0 = Release|Any CPU
		{67EC265E-A47C-4939-AAD3-A405EEC062F9}.Release|Mixed Platforms.ActiveCfg = Release|Any CPU
		{67EC265E-A47C-4939-AAD3-A405EEC062F9}.Release|Mixed Platforms.Build.0 = Release|Any CPU
		{67EC265E-A47C-4939-AAD3-A405EEC062F9}.Release|x64.ActiveCfg = Release|Any CPU
		{67EC265E-A47C-4939-AAD3-A405EEC062F9}.Release|x64.Build.0 = Release|Any CPU
		{67EC265E-A47C-4939-AAD3-A405EEC062F9}.Release|x86.ActiveCfg = Release|Any CPU
		{67EC265E-A47C-4939-AAD3-A405EEC062F9}.Release|x86.Build.0 = Release|Any CPU
		{3FD689F9-C015-44B3-9EDE-144E60E666A9}.Debug|Any CPU.ActiveCfg = Debug|Any CPU
		{3FD689F9-C015-44B3-9EDE-144E60E666A9}.Debug|Any CPU.Build.0 = Debug|Any CPU
		{3FD689F9-C015-44B3-9EDE-144E60E666A9}.Debug|Mixed Platforms.ActiveCfg = Debug|Any CPU
		{3FD689F9-C015-44B3-9EDE-144E60E666A9}.Debug|Mixed Platforms.Build.0 = Debug|Any CPU
		{3FD689F9-C015-44B3-9EDE-144E60E666A9}.Debug|x64.ActiveCfg = Debug|Any CPU
		{3FD689F9-C015-44B3-9EDE-144E60E666A9}.Debug|x64.Build.0 = Debug|Any CPU
		{3FD689F9-C015-44B3-9EDE-144E60E666A9}.Debug|x86.ActiveCfg = Debug|Any CPU
		{3FD689F9-C015-44B3-9EDE-144E60E666A9}.Debug|x86.Build.0 = Debug|Any CPU
		{3FD689F9-C015-44B3-9EDE-144E60E666A9}.Release|Any CPU.ActiveCfg = Release|Any CPU
		{3FD689F9-C015-44B3-9EDE-144E60E666A9}.Release|Any CPU.Build.0 = Release|Any CPU
		{3FD689F9-C015-44B3-9EDE-144E60E666A9}.Release|Mixed Platforms.ActiveCfg = Release|Any CPU
		{3FD689F9-C015-44B3-9EDE-144E60E666A9}.Release|Mixed Platforms.Build.0 = Release|Any CPU
		{3FD689F9-C015-44B3-9EDE-144E60E666A9}.Release|x64.ActiveCfg = Release|Any CPU
		{3FD689F9-C015-44B3-9EDE-144E60E666A9}.Release|x64.Build.0 = Release|Any CPU
		{3FD689F9-C015-44B3-9EDE-144E60E666A9}.Release|x86.ActiveCfg = Release|Any CPU
		{3FD689F9-C015-44B3-9EDE-144E60E666A9}.Release|x86.Build.0 = Release|Any CPU
		{EF5A2EB2-723F-4CAF-9950-954421E3B0A0}.Debug|Any CPU.ActiveCfg = Debug|Any CPU
		{EF5A2EB2-723F-4CAF-9950-954421E3B0A0}.Debug|Any CPU.Build.0 = Debug|Any CPU
		{EF5A2EB2-723F-4CAF-9950-954421E3B0A0}.Debug|Mixed Platforms.ActiveCfg = Debug|Any CPU
		{EF5A2EB2-723F-4CAF-9950-954421E3B0A0}.Debug|Mixed Platforms.Build.0 = Debug|Any CPU
		{EF5A2EB2-723F-4CAF-9950-954421E3B0A0}.Debug|x64.ActiveCfg = Debug|Any CPU
		{EF5A2EB2-723F-4CAF-9950-954421E3B0A0}.Debug|x64.Build.0 = Debug|Any CPU
		{EF5A2EB2-723F-4CAF-9950-954421E3B0A0}.Debug|x86.ActiveCfg = Debug|Any CPU
		{EF5A2EB2-723F-4CAF-9950-954421E3B0A0}.Debug|x86.Build.0 = Debug|Any CPU
		{EF5A2EB2-723F-4CAF-9950-954421E3B0A0}.Release|Any CPU.ActiveCfg = Release|Any CPU
		{EF5A2EB2-723F-4CAF-9950-954421E3B0A0}.Release|Any CPU.Build.0 = Release|Any CPU
		{EF5A2EB2-723F-4CAF-9950-954421E3B0A0}.Release|Mixed Platforms.ActiveCfg = Release|Any CPU
		{EF5A2EB2-723F-4CAF-9950-954421E3B0A0}.Release|Mixed Platforms.Build.0 = Release|Any CPU
		{EF5A2EB2-723F-4CAF-9950-954421E3B0A0}.Release|x64.ActiveCfg = Release|Any CPU
		{EF5A2EB2-723F-4CAF-9950-954421E3B0A0}.Release|x64.Build.0 = Release|Any CPU
		{EF5A2EB2-723F-4CAF-9950-954421E3B0A0}.Release|x86.ActiveCfg = Release|Any CPU
		{EF5A2EB2-723F-4CAF-9950-954421E3B0A0}.Release|x86.Build.0 = Release|Any CPU
		{04654A06-3FC1-4D93-8A35-C9DEAF9E2BA7}.Debug|Any CPU.ActiveCfg = Debug|Any CPU
		{04654A06-3FC1-4D93-8A35-C9DEAF9E2BA7}.Debug|Any CPU.Build.0 = Debug|Any CPU
		{04654A06-3FC1-4D93-8A35-C9DEAF9E2BA7}.Debug|Mixed Platforms.ActiveCfg = Debug|Any CPU
		{04654A06-3FC1-4D93-8A35-C9DEAF9E2BA7}.Debug|Mixed Platforms.Build.0 = Debug|Any CPU
		{04654A06-3FC1-4D93-8A35-C9DEAF9E2BA7}.Debug|x64.ActiveCfg = Debug|Any CPU
		{04654A06-3FC1-4D93-8A35-C9DEAF9E2BA7}.Debug|x64.Build.0 = Debug|Any CPU
		{04654A06-3FC1-4D93-8A35-C9DEAF9E2BA7}.Debug|x86.ActiveCfg = Debug|Any CPU
		{04654A06-3FC1-4D93-8A35-C9DEAF9E2BA7}.Debug|x86.Build.0 = Debug|Any CPU
		{04654A06-3FC1-4D93-8A35-C9DEAF9E2BA7}.Release|Any CPU.ActiveCfg = Release|Any CPU
		{04654A06-3FC1-4D93-8A35-C9DEAF9E2BA7}.Release|Any CPU.Build.0 = Release|Any CPU
		{04654A06-3FC1-4D93-8A35-C9DEAF9E2BA7}.Release|Mixed Platforms.ActiveCfg = Release|Any CPU
		{04654A06-3FC1-4D93-8A35-C9DEAF9E2BA7}.Release|Mixed Platforms.Build.0 = Release|Any CPU
		{04654A06-3FC1-4D93-8A35-C9DEAF9E2BA7}.Release|x64.ActiveCfg = Release|Any CPU
		{04654A06-3FC1-4D93-8A35-C9DEAF9E2BA7}.Release|x64.Build.0 = Release|Any CPU
		{04654A06-3FC1-4D93-8A35-C9DEAF9E2BA7}.Release|x86.ActiveCfg = Release|Any CPU
		{04654A06-3FC1-4D93-8A35-C9DEAF9E2BA7}.Release|x86.Build.0 = Release|Any CPU
		{B2F72AB7-36C5-4E95-839F-0DD340AC8C36}.Debug|Any CPU.ActiveCfg = Debug|Any CPU
		{B2F72AB7-36C5-4E95-839F-0DD340AC8C36}.Debug|Any CPU.Build.0 = Debug|Any CPU
		{B2F72AB7-36C5-4E95-839F-0DD340AC8C36}.Debug|Mixed Platforms.ActiveCfg = Debug|Any CPU
		{B2F72AB7-36C5-4E95-839F-0DD340AC8C36}.Debug|Mixed Platforms.Build.0 = Debug|Any CPU
		{B2F72AB7-36C5-4E95-839F-0DD340AC8C36}.Debug|x64.ActiveCfg = Debug|Any CPU
		{B2F72AB7-36C5-4E95-839F-0DD340AC8C36}.Debug|x64.Build.0 = Debug|Any CPU
		{B2F72AB7-36C5-4E95-839F-0DD340AC8C36}.Debug|x86.ActiveCfg = Debug|Any CPU
		{B2F72AB7-36C5-4E95-839F-0DD340AC8C36}.Debug|x86.Build.0 = Debug|Any CPU
		{B2F72AB7-36C5-4E95-839F-0DD340AC8C36}.Release|Any CPU.ActiveCfg = Release|Any CPU
		{B2F72AB7-36C5-4E95-839F-0DD340AC8C36}.Release|Any CPU.Build.0 = Release|Any CPU
		{B2F72AB7-36C5-4E95-839F-0DD340AC8C36}.Release|Mixed Platforms.ActiveCfg = Release|Any CPU
		{B2F72AB7-36C5-4E95-839F-0DD340AC8C36}.Release|Mixed Platforms.Build.0 = Release|Any CPU
		{B2F72AB7-36C5-4E95-839F-0DD340AC8C36}.Release|x64.ActiveCfg = Release|Any CPU
		{B2F72AB7-36C5-4E95-839F-0DD340AC8C36}.Release|x64.Build.0 = Release|Any CPU
		{B2F72AB7-36C5-4E95-839F-0DD340AC8C36}.Release|x86.ActiveCfg = Release|Any CPU
		{B2F72AB7-36C5-4E95-839F-0DD340AC8C36}.Release|x86.Build.0 = Release|Any CPU
		{DF893D4B-BB76-4A5C-AB92-B1A8B283577F}.Debug|Any CPU.ActiveCfg = Debug|Any CPU
		{DF893D4B-BB76-4A5C-AB92-B1A8B283577F}.Debug|Any CPU.Build.0 = Debug|Any CPU
		{DF893D4B-BB76-4A5C-AB92-B1A8B283577F}.Debug|Mixed Platforms.ActiveCfg = Debug|Any CPU
		{DF893D4B-BB76-4A5C-AB92-B1A8B283577F}.Debug|Mixed Platforms.Build.0 = Debug|Any CPU
		{DF893D4B-BB76-4A5C-AB92-B1A8B283577F}.Debug|x64.ActiveCfg = Debug|Any CPU
		{DF893D4B-BB76-4A5C-AB92-B1A8B283577F}.Debug|x64.Build.0 = Debug|Any CPU
		{DF893D4B-BB76-4A5C-AB92-B1A8B283577F}.Debug|x86.ActiveCfg = Debug|Any CPU
		{DF893D4B-BB76-4A5C-AB92-B1A8B283577F}.Debug|x86.Build.0 = Debug|Any CPU
		{DF893D4B-BB76-4A5C-AB92-B1A8B283577F}.Release|Any CPU.ActiveCfg = Release|Any CPU
		{DF893D4B-BB76-4A5C-AB92-B1A8B283577F}.Release|Any CPU.Build.0 = Release|Any CPU
		{DF893D4B-BB76-4A5C-AB92-B1A8B283577F}.Release|Mixed Platforms.ActiveCfg = Release|Any CPU
		{DF893D4B-BB76-4A5C-AB92-B1A8B283577F}.Release|Mixed Platforms.Build.0 = Release|Any CPU
		{DF893D4B-BB76-4A5C-AB92-B1A8B283577F}.Release|x64.ActiveCfg = Release|Any CPU
		{DF893D4B-BB76-4A5C-AB92-B1A8B283577F}.Release|x64.Build.0 = Release|Any CPU
		{DF893D4B-BB76-4A5C-AB92-B1A8B283577F}.Release|x86.ActiveCfg = Release|Any CPU
		{DF893D4B-BB76-4A5C-AB92-B1A8B283577F}.Release|x86.Build.0 = Release|Any CPU
		{2C97F180-2F80-49A5-9C8B-D114E4CCC819}.Debug|Any CPU.ActiveCfg = Debug|Any CPU
		{2C97F180-2F80-49A5-9C8B-D114E4CCC819}.Debug|Any CPU.Build.0 = Debug|Any CPU
		{2C97F180-2F80-49A5-9C8B-D114E4CCC819}.Debug|Mixed Platforms.ActiveCfg = Debug|Any CPU
		{2C97F180-2F80-49A5-9C8B-D114E4CCC819}.Debug|Mixed Platforms.Build.0 = Debug|Any CPU
		{2C97F180-2F80-49A5-9C8B-D114E4CCC819}.Debug|x64.ActiveCfg = Debug|Any CPU
		{2C97F180-2F80-49A5-9C8B-D114E4CCC819}.Debug|x64.Build.0 = Debug|Any CPU
		{2C97F180-2F80-49A5-9C8B-D114E4CCC819}.Debug|x86.ActiveCfg = Debug|Any CPU
		{2C97F180-2F80-49A5-9C8B-D114E4CCC819}.Debug|x86.Build.0 = Debug|Any CPU
		{2C97F180-2F80-49A5-9C8B-D114E4CCC819}.Release|Any CPU.ActiveCfg = Release|Any CPU
		{2C97F180-2F80-49A5-9C8B-D114E4CCC819}.Release|Any CPU.Build.0 = Release|Any CPU
		{2C97F180-2F80-49A5-9C8B-D114E4CCC819}.Release|Mixed Platforms.ActiveCfg = Release|Any CPU
		{2C97F180-2F80-49A5-9C8B-D114E4CCC819}.Release|Mixed Platforms.Build.0 = Release|Any CPU
		{2C97F180-2F80-49A5-9C8B-D114E4CCC819}.Release|x64.ActiveCfg = Release|Any CPU
		{2C97F180-2F80-49A5-9C8B-D114E4CCC819}.Release|x64.Build.0 = Release|Any CPU
		{2C97F180-2F80-49A5-9C8B-D114E4CCC819}.Release|x86.ActiveCfg = Release|Any CPU
		{2C97F180-2F80-49A5-9C8B-D114E4CCC819}.Release|x86.Build.0 = Release|Any CPU
		{E1FD0E29-39F8-40A1-89D7-F513DD783089}.Debug|Any CPU.ActiveCfg = Debug|Any CPU
		{E1FD0E29-39F8-40A1-89D7-F513DD783089}.Debug|Any CPU.Build.0 = Debug|Any CPU
		{E1FD0E29-39F8-40A1-89D7-F513DD783089}.Debug|Mixed Platforms.ActiveCfg = Debug|Any CPU
		{E1FD0E29-39F8-40A1-89D7-F513DD783089}.Debug|Mixed Platforms.Build.0 = Debug|Any CPU
		{E1FD0E29-39F8-40A1-89D7-F513DD783089}.Debug|x64.ActiveCfg = Debug|Any CPU
		{E1FD0E29-39F8-40A1-89D7-F513DD783089}.Debug|x64.Build.0 = Debug|Any CPU
		{E1FD0E29-39F8-40A1-89D7-F513DD783089}.Debug|x86.ActiveCfg = Debug|Any CPU
		{E1FD0E29-39F8-40A1-89D7-F513DD783089}.Debug|x86.Build.0 = Debug|Any CPU
		{E1FD0E29-39F8-40A1-89D7-F513DD783089}.Release|Any CPU.ActiveCfg = Release|Any CPU
		{E1FD0E29-39F8-40A1-89D7-F513DD783089}.Release|Any CPU.Build.0 = Release|Any CPU
		{E1FD0E29-39F8-40A1-89D7-F513DD783089}.Release|Mixed Platforms.ActiveCfg = Release|Any CPU
		{E1FD0E29-39F8-40A1-89D7-F513DD783089}.Release|Mixed Platforms.Build.0 = Release|Any CPU
		{E1FD0E29-39F8-40A1-89D7-F513DD783089}.Release|x64.ActiveCfg = Release|Any CPU
		{E1FD0E29-39F8-40A1-89D7-F513DD783089}.Release|x64.Build.0 = Release|Any CPU
		{E1FD0E29-39F8-40A1-89D7-F513DD783089}.Release|x86.ActiveCfg = Release|Any CPU
		{E1FD0E29-39F8-40A1-89D7-F513DD783089}.Release|x86.Build.0 = Release|Any CPU
		{0A1EF09D-E36E-46A8-A734-844C09323873}.Debug|Any CPU.ActiveCfg = Debug|Any CPU
		{0A1EF09D-E36E-46A8-A734-844C09323873}.Debug|Any CPU.Build.0 = Debug|Any CPU
		{0A1EF09D-E36E-46A8-A734-844C09323873}.Debug|Mixed Platforms.ActiveCfg = Debug|Any CPU
		{0A1EF09D-E36E-46A8-A734-844C09323873}.Debug|Mixed Platforms.Build.0 = Debug|Any CPU
		{0A1EF09D-E36E-46A8-A734-844C09323873}.Debug|x64.ActiveCfg = Debug|Any CPU
		{0A1EF09D-E36E-46A8-A734-844C09323873}.Debug|x64.Build.0 = Debug|Any CPU
		{0A1EF09D-E36E-46A8-A734-844C09323873}.Debug|x86.ActiveCfg = Debug|Any CPU
		{0A1EF09D-E36E-46A8-A734-844C09323873}.Debug|x86.Build.0 = Debug|Any CPU
		{0A1EF09D-E36E-46A8-A734-844C09323873}.Release|Any CPU.ActiveCfg = Release|Any CPU
		{0A1EF09D-E36E-46A8-A734-844C09323873}.Release|Any CPU.Build.0 = Release|Any CPU
		{0A1EF09D-E36E-46A8-A734-844C09323873}.Release|Mixed Platforms.ActiveCfg = Release|Any CPU
		{0A1EF09D-E36E-46A8-A734-844C09323873}.Release|Mixed Platforms.Build.0 = Release|Any CPU
		{0A1EF09D-E36E-46A8-A734-844C09323873}.Release|x64.ActiveCfg = Release|Any CPU
		{0A1EF09D-E36E-46A8-A734-844C09323873}.Release|x64.Build.0 = Release|Any CPU
		{0A1EF09D-E36E-46A8-A734-844C09323873}.Release|x86.ActiveCfg = Release|Any CPU
		{0A1EF09D-E36E-46A8-A734-844C09323873}.Release|x86.Build.0 = Release|Any CPU
		{23BC6A68-B95A-4C2E-BBFE-83EA3522F729}.Debug|Any CPU.ActiveCfg = Debug|Any CPU
		{23BC6A68-B95A-4C2E-BBFE-83EA3522F729}.Debug|Any CPU.Build.0 = Debug|Any CPU
		{23BC6A68-B95A-4C2E-BBFE-83EA3522F729}.Debug|Mixed Platforms.ActiveCfg = Debug|Any CPU
		{23BC6A68-B95A-4C2E-BBFE-83EA3522F729}.Debug|Mixed Platforms.Build.0 = Debug|Any CPU
		{23BC6A68-B95A-4C2E-BBFE-83EA3522F729}.Debug|x64.ActiveCfg = Debug|Any CPU
		{23BC6A68-B95A-4C2E-BBFE-83EA3522F729}.Debug|x64.Build.0 = Debug|Any CPU
		{23BC6A68-B95A-4C2E-BBFE-83EA3522F729}.Debug|x86.ActiveCfg = Debug|Any CPU
		{23BC6A68-B95A-4C2E-BBFE-83EA3522F729}.Debug|x86.Build.0 = Debug|Any CPU
		{23BC6A68-B95A-4C2E-BBFE-83EA3522F729}.Release|Any CPU.ActiveCfg = Release|Any CPU
		{23BC6A68-B95A-4C2E-BBFE-83EA3522F729}.Release|Any CPU.Build.0 = Release|Any CPU
		{23BC6A68-B95A-4C2E-BBFE-83EA3522F729}.Release|Mixed Platforms.ActiveCfg = Release|Any CPU
		{23BC6A68-B95A-4C2E-BBFE-83EA3522F729}.Release|Mixed Platforms.Build.0 = Release|Any CPU
		{23BC6A68-B95A-4C2E-BBFE-83EA3522F729}.Release|x64.ActiveCfg = Release|Any CPU
		{23BC6A68-B95A-4C2E-BBFE-83EA3522F729}.Release|x64.Build.0 = Release|Any CPU
		{23BC6A68-B95A-4C2E-BBFE-83EA3522F729}.Release|x86.ActiveCfg = Release|Any CPU
		{23BC6A68-B95A-4C2E-BBFE-83EA3522F729}.Release|x86.Build.0 = Release|Any CPU
		{D52DFAF4-A0DD-4926-BF8E-BF67B0A9A5C5}.Debug|Any CPU.ActiveCfg = Debug|Any CPU
		{D52DFAF4-A0DD-4926-BF8E-BF67B0A9A5C5}.Debug|Any CPU.Build.0 = Debug|Any CPU
		{D52DFAF4-A0DD-4926-BF8E-BF67B0A9A5C5}.Debug|Mixed Platforms.ActiveCfg = Debug|Any CPU
		{D52DFAF4-A0DD-4926-BF8E-BF67B0A9A5C5}.Debug|Mixed Platforms.Build.0 = Debug|Any CPU
		{D52DFAF4-A0DD-4926-BF8E-BF67B0A9A5C5}.Debug|x64.ActiveCfg = Debug|Any CPU
		{D52DFAF4-A0DD-4926-BF8E-BF67B0A9A5C5}.Debug|x64.Build.0 = Debug|Any CPU
		{D52DFAF4-A0DD-4926-BF8E-BF67B0A9A5C5}.Debug|x86.ActiveCfg = Debug|Any CPU
		{D52DFAF4-A0DD-4926-BF8E-BF67B0A9A5C5}.Debug|x86.Build.0 = Debug|Any CPU
		{D52DFAF4-A0DD-4926-BF8E-BF67B0A9A5C5}.Release|Any CPU.ActiveCfg = Release|Any CPU
		{D52DFAF4-A0DD-4926-BF8E-BF67B0A9A5C5}.Release|Any CPU.Build.0 = Release|Any CPU
		{D52DFAF4-A0DD-4926-BF8E-BF67B0A9A5C5}.Release|Mixed Platforms.ActiveCfg = Release|Any CPU
		{D52DFAF4-A0DD-4926-BF8E-BF67B0A9A5C5}.Release|Mixed Platforms.Build.0 = Release|Any CPU
		{D52DFAF4-A0DD-4926-BF8E-BF67B0A9A5C5}.Release|x64.ActiveCfg = Release|Any CPU
		{D52DFAF4-A0DD-4926-BF8E-BF67B0A9A5C5}.Release|x64.Build.0 = Release|Any CPU
		{D52DFAF4-A0DD-4926-BF8E-BF67B0A9A5C5}.Release|x86.ActiveCfg = Release|Any CPU
		{D52DFAF4-A0DD-4926-BF8E-BF67B0A9A5C5}.Release|x86.Build.0 = Release|Any CPU
		{7FA30B8F-0BB0-4A08-B0E1-6AA8D5CCC54A}.Debug|Any CPU.ActiveCfg = Debug|Any CPU
		{7FA30B8F-0BB0-4A08-B0E1-6AA8D5CCC54A}.Debug|Any CPU.Build.0 = Debug|Any CPU
		{7FA30B8F-0BB0-4A08-B0E1-6AA8D5CCC54A}.Debug|Mixed Platforms.ActiveCfg = Debug|Any CPU
		{7FA30B8F-0BB0-4A08-B0E1-6AA8D5CCC54A}.Debug|Mixed Platforms.Build.0 = Debug|Any CPU
		{7FA30B8F-0BB0-4A08-B0E1-6AA8D5CCC54A}.Debug|x64.ActiveCfg = Debug|Any CPU
		{7FA30B8F-0BB0-4A08-B0E1-6AA8D5CCC54A}.Debug|x64.Build.0 = Debug|Any CPU
		{7FA30B8F-0BB0-4A08-B0E1-6AA8D5CCC54A}.Debug|x86.ActiveCfg = Debug|Any CPU
		{7FA30B8F-0BB0-4A08-B0E1-6AA8D5CCC54A}.Debug|x86.Build.0 = Debug|Any CPU
		{7FA30B8F-0BB0-4A08-B0E1-6AA8D5CCC54A}.Release|Any CPU.ActiveCfg = Release|Any CPU
		{7FA30B8F-0BB0-4A08-B0E1-6AA8D5CCC54A}.Release|Any CPU.Build.0 = Release|Any CPU
		{7FA30B8F-0BB0-4A08-B0E1-6AA8D5CCC54A}.Release|Mixed Platforms.ActiveCfg = Release|Any CPU
		{7FA30B8F-0BB0-4A08-B0E1-6AA8D5CCC54A}.Release|Mixed Platforms.Build.0 = Release|Any CPU
		{7FA30B8F-0BB0-4A08-B0E1-6AA8D5CCC54A}.Release|x64.ActiveCfg = Release|Any CPU
		{7FA30B8F-0BB0-4A08-B0E1-6AA8D5CCC54A}.Release|x64.Build.0 = Release|Any CPU
		{7FA30B8F-0BB0-4A08-B0E1-6AA8D5CCC54A}.Release|x86.ActiveCfg = Release|Any CPU
		{7FA30B8F-0BB0-4A08-B0E1-6AA8D5CCC54A}.Release|x86.Build.0 = Release|Any CPU
		{2B625502-0E67-46E0-904D-CD11B7B2DE93}.Debug|Any CPU.ActiveCfg = Debug|Any CPU
		{2B625502-0E67-46E0-904D-CD11B7B2DE93}.Debug|Any CPU.Build.0 = Debug|Any CPU
		{2B625502-0E67-46E0-904D-CD11B7B2DE93}.Debug|Mixed Platforms.ActiveCfg = Debug|Any CPU
		{2B625502-0E67-46E0-904D-CD11B7B2DE93}.Debug|Mixed Platforms.Build.0 = Debug|Any CPU
		{2B625502-0E67-46E0-904D-CD11B7B2DE93}.Debug|x64.ActiveCfg = Debug|Any CPU
		{2B625502-0E67-46E0-904D-CD11B7B2DE93}.Debug|x64.Build.0 = Debug|Any CPU
		{2B625502-0E67-46E0-904D-CD11B7B2DE93}.Debug|x86.ActiveCfg = Debug|Any CPU
		{2B625502-0E67-46E0-904D-CD11B7B2DE93}.Debug|x86.Build.0 = Debug|Any CPU
		{2B625502-0E67-46E0-904D-CD11B7B2DE93}.Release|Any CPU.ActiveCfg = Release|Any CPU
		{2B625502-0E67-46E0-904D-CD11B7B2DE93}.Release|Any CPU.Build.0 = Release|Any CPU
		{2B625502-0E67-46E0-904D-CD11B7B2DE93}.Release|Mixed Platforms.ActiveCfg = Release|Any CPU
		{2B625502-0E67-46E0-904D-CD11B7B2DE93}.Release|Mixed Platforms.Build.0 = Release|Any CPU
		{2B625502-0E67-46E0-904D-CD11B7B2DE93}.Release|x64.ActiveCfg = Release|Any CPU
		{2B625502-0E67-46E0-904D-CD11B7B2DE93}.Release|x64.Build.0 = Release|Any CPU
		{2B625502-0E67-46E0-904D-CD11B7B2DE93}.Release|x86.ActiveCfg = Release|Any CPU
		{2B625502-0E67-46E0-904D-CD11B7B2DE93}.Release|x86.Build.0 = Release|Any CPU
	EndGlobalSection
	GlobalSection(SolutionProperties) = preSolution
		HideSolutionNode = FALSE
	EndGlobalSection
	GlobalSection(NestedProjects) = preSolution
		{786E6165-CA02-45A9-BF58-207A45D7D6DF} = {2997D17C-A736-43E5-B3DD-11D11AC7DF17}
		{5DB4DDBA-81F6-4D81-943A-18F3178B3355} = {2997D17C-A736-43E5-B3DD-11D11AC7DF17}
		{B72529C8-FEB1-49F5-B08B-56055B58F296} = {2997D17C-A736-43E5-B3DD-11D11AC7DF17}
		{891B1FD9-CA73-4129-8D1D-D6663F01866C} = {875EF569-4684-473D-A2D4-A35B20B4A07C}
		{A453E920-29C0-45CD-984C-0D8E3631B1E3} = {2997D17C-A736-43E5-B3DD-11D11AC7DF17}
		{78FEBD73-8BC4-45B9-9B31-D512E1AFAD60} = {2997D17C-A736-43E5-B3DD-11D11AC7DF17}
		{CF157DCB-B973-42B4-948A-F6643EB6216D} = {C68D256D-7D40-4E33-8A2B-B1625538B138}
		{AFCB7986-73C5-4DEA-897B-46EC1D124965} = {C68D256D-7D40-4E33-8A2B-B1625538B138}
		{0279705B-779D-485D-86B9-F7AB3DD1F2C3} = {2997D17C-A736-43E5-B3DD-11D11AC7DF17}
		{87F754D3-F098-49A3-975E-82F02B575E7C} = {C68D256D-7D40-4E33-8A2B-B1625538B138}
		{A0909E8F-E039-4080-A259-676CFD38CCD1} = {C68D256D-7D40-4E33-8A2B-B1625538B138}
		{1CF177B1-BCF9-4634-AD71-9DC6D0E58AB7} = {C68D256D-7D40-4E33-8A2B-B1625538B138}
		{4FB57308-8B47-4232-A97B-0E784A2DCD49} = {C68D256D-7D40-4E33-8A2B-B1625538B138}
		{6B711835-9172-4F07-9FC3-BA79C7DFA916} = {C68D256D-7D40-4E33-8A2B-B1625538B138}
		{43E6E75C-2410-464D-B7D6-36F8ACF85A17} = {C68D256D-7D40-4E33-8A2B-B1625538B138}
		{0CB6D0A8-A477-4382-9F5A-C5BEBD2648AA} = {C68D256D-7D40-4E33-8A2B-B1625538B138}
		{C250C071-6ACD-42E0-9FFC-63283AFB8C6C} = {2997D17C-A736-43E5-B3DD-11D11AC7DF17}
		{F934DA68-BAF1-4DA4-B09B-B018EF44E8AC} = {2997D17C-A736-43E5-B3DD-11D11AC7DF17}
		{67EC265E-A47C-4939-AAD3-A405EEC062F9} = {2997D17C-A736-43E5-B3DD-11D11AC7DF17}
		{3FD689F9-C015-44B3-9EDE-144E60E666A9} = {C68D256D-7D40-4E33-8A2B-B1625538B138}
		{EF5A2EB2-723F-4CAF-9950-954421E3B0A0} = {2997D17C-A736-43E5-B3DD-11D11AC7DF17}
		{04654A06-3FC1-4D93-8A35-C9DEAF9E2BA7} = {C68D256D-7D40-4E33-8A2B-B1625538B138}
		{B2F72AB7-36C5-4E95-839F-0DD340AC8C36} = {C68D256D-7D40-4E33-8A2B-B1625538B138}
		{DF893D4B-BB76-4A5C-AB92-B1A8B283577F} = {2997D17C-A736-43E5-B3DD-11D11AC7DF17}
		{2C97F180-2F80-49A5-9C8B-D114E4CCC819} = {2997D17C-A736-43E5-B3DD-11D11AC7DF17}
		{E1FD0E29-39F8-40A1-89D7-F513DD783089} = {2997D17C-A736-43E5-B3DD-11D11AC7DF17}
		{0A1EF09D-E36E-46A8-A734-844C09323873} = {875EF569-4684-473D-A2D4-A35B20B4A07C}
		{23BC6A68-B95A-4C2E-BBFE-83EA3522F729} = {C68D256D-7D40-4E33-8A2B-B1625538B138}
		{D52DFAF4-A0DD-4926-BF8E-BF67B0A9A5C5} = {C68D256D-7D40-4E33-8A2B-B1625538B138}
		{7FA30B8F-0BB0-4A08-B0E1-6AA8D5CCC54A} = {875EF569-4684-473D-A2D4-A35B20B4A07C}
		{2B625502-0E67-46E0-904D-CD11B7B2DE93} = {C68D256D-7D40-4E33-8A2B-B1625538B138}
	EndGlobalSection
	GlobalSection(ExtensibilityGlobals) = postSolution
		SolutionGuid = {7D903DEB-CA0B-43D8-BD9D-820BB1453C4C}
	EndGlobalSection
	GlobalSection(TestCaseManagementSettings) = postSolution
		CategoryFile = sensenet.vsmdi
	EndGlobalSection
EndGlobal
